// !$*UTF8*$!
{
	archiveVersion = 1;
	classes = {
	};
	objectVersion = 46;
	objects = {

/* Begin PBXAggregateTarget section */
		5807CB36DD24CFCE687C640B /* ClarityPlugin3 - All */ = {
			isa = PBXAggregateTarget;
			buildConfigurationList = A79C7D5B76B264EFA9F2317D;
			buildPhases = (
			);
			dependencies = (
				2FE3426F3E1F4E3F93463ADF,
				0C28F882490BE93682D2E5EE,
				73EB6DBADBD682DE9A417D3C,
				503F68B5A9512F276E1CBE28,
			);
			name = "ClarityPlugin3 - All";
			productName = ClarityPlugin3;
		};
/* End PBXAggregateTarget section */

/* Begin PBXBuildFile section */
		02237C3363FAB3DA91DD9707 /* System/Library/Frameworks/WebKit.framework */ = {isa = PBXBuildFile; fileRef = 4104AF0EB8965D2B8E95F7C3; };
		02668EFF992DB2845CA6889B /* ../../JuceLibraryCode/include_juce_audio_plugin_client_Standalone.cpp */ = {isa = PBXBuildFile; fileRef = CE02DD437A6B97D6ECAC3D78; };
		0454F6077A6E739E47845F3F /* ../../JuceLibraryCode/include_dRowAudio.mm */ = {isa = PBXBuildFile; fileRef = 2DEDFED95B91C97B93928AC1; };
		096C95069E8A5857B3F184EA /* VST3 */ = {isa = PBXBuildFile; fileRef = EC8E4763EECE746CF7824B89; };
		12175492191E2CA742E1DD58 /* ../../JuceLibraryCode/include_juce_dsp.mm */ = {isa = PBXBuildFile; fileRef = E278B232CE6B84A2DEA488A4; };
		139AF14C26F2943C3CD6EF1E /* System/Library/Frameworks/Carbon.framework */ = {isa = PBXBuildFile; fileRef = D59904BCA7D408D6B520707D; };
		13AE6FF4D75A68F589D5E0BA /* ../../JuceLibraryCode/include_juce_audio_plugin_client_AU.r */ = {isa = PBXBuildFile; fileRef = 343899A6B32A8DC7DDD5B7E3; };
		156A95D5BA0F81EA9E55FE13 /* ../../JuceLibraryCode/include_juce_audio_utils.mm */ = {isa = PBXBuildFile; fileRef = 3849F93D99AA310428F818DE; };
		16546FF86603955EDC6DB251 /* ../../JuceLibraryCode/include_juce_audio_plugin_client_VST3.cpp */ = {isa = PBXBuildFile; fileRef = 4CF7A4BB12B34F6861BE2D35; };
		16C8CFB596EF7E14E675F2CA /* ../../JuceLibraryCode/include_juce_audio_devices.mm */ = {isa = PBXBuildFile; fileRef = 7EF81C36960699DF1CF8D8CC; };
		1CE368973DAA5A2FC50D810C /* ../../JuceLibraryCode/include_juce_audio_plugin_client_AU_2.mm */ = {isa = PBXBuildFile; fileRef = FD368C6CA23C59965B3179BA; };
		2A8EE648C7C229BE8A2684D1 /* ../../JuceLibraryCode/include_juce_audio_basics.mm */ = {isa = PBXBuildFile; fileRef = 3D848D6D1BEC9723372A5FCC; };
		300AD9BBB2F7DDFC478C55C5 /* ../../JuceLibraryCode/include_juce_graphics.mm */ = {isa = PBXBuildFile; fileRef = 6B6540BABCFEAB479915ACB7; };
		337FDB42ECB43E1DF1C2A4CC /* ../../JuceLibraryCode/include_juce_audio_processors.mm */ = {isa = PBXBuildFile; fileRef = B157ED26543CE69E78D136A9; };
		362B713EFCC799AC514ED05E /* ../../Source/PluginProcessor.cpp */ = {isa = PBXBuildFile; fileRef = 6A0D40A1300EDB153AC69BAA; };
		39A33EEC42715B30E52EBDAE /* ../../JuceLibraryCode/include_juce_audio_plugin_client_VST_utils.mm */ = {isa = PBXBuildFile; fileRef = 8A66F8EAEEEB075A0D4BB5C9; };
		3B89C57807A5C93CB582F015 /* ../../JuceLibraryCode/include_juce_gui_basics.mm */ = {isa = PBXBuildFile; fileRef = E3D9F348B472329F5E387B07; };
		3DB0728C93766F096D46B5D7 /* AU */ = {isa = PBXBuildFile; fileRef = AA5A3501CC2B513021968618; };
		3DCCB1073F9E07758047E821 /* System/Library/Frameworks/Accelerate.framework */ = {isa = PBXBuildFile; fileRef = 885BB1AB1656F7815F2CB54B; };
		461BF57B493D4C91503200B2 /* Shared Code */ = {isa = PBXBuildFile; fileRef = F5ACD5669C59EA20911EC5E6; };
		50F9C01838EF48FD2D0C366E /* ../../JuceLibraryCode/include_juce_audio_plugin_client_utils.cpp */ = {isa = PBXBuildFile; fileRef = 743503856663539934A62610; };
		5289A3E2136EF91F0FC4DE1C /* ../../JuceLibraryCode/include_juce_gui_extra.mm */ = {isa = PBXBuildFile; fileRef = 0CF7285D43E5AD04D17AE830; };
		55EFA0EECB81AA88C97043EE /* ../../JuceLibraryCode/include_juce_events.mm */ = {isa = PBXBuildFile; fileRef = FC9C24A4BAA37075CE9567C5; };
		5E5C28A8D15757CA33E72636 /* ../../Source/PluginEditor.cpp */ = {isa = PBXBuildFile; fileRef = 1C27229DA036867BFBDA423B; };
		6EADD802F910D9F8B22EE607 /* ../../JuceLibraryCode/include_juce_data_structures.mm */ = {isa = PBXBuildFile; fileRef = EB1CB0EFEC8B9E405E4BAC6C; };
		7256925BCE35B202D72CE43C /* ../../JuceLibraryCode/include_juce_cryptography.mm */ = {isa = PBXBuildFile; fileRef = 2146A826C668E38695FFB281; };
		84A3B069A62950AF46008199 /* System/Library/Frameworks/QuartzCore.framework */ = {isa = PBXBuildFile; fileRef = 7BE98911DCD170903B0ECD0C; };
		8A9952C7F3570E22FD61166C /* System/Library/Frameworks/AudioToolbox.framework */ = {isa = PBXBuildFile; fileRef = AA8BD9300535D60737054925; };
		8DEC91D2E48A36241F2B34C9 /* System/Library/Frameworks/IOKit.framework */ = {isa = PBXBuildFile; fileRef = 6C50DEB8686D46C04875F04B; };
		8F49310496C989F1D00AF4A1 /* ../../JuceLibraryCode/include_juce_audio_plugin_client_AU_1.mm */ = {isa = PBXBuildFile; fileRef = 00586A75F4B86D28896E9465; };
		9A8B60CC37385D4402E4990D /* ../../JuceLibraryCode/include_juce_core.mm */ = {isa = PBXBuildFile; fileRef = 1F37AC959B4FDFE97B28C21F; };
		A1FA04F17007D5A6175A4D0B /* System/Library/Frameworks/Cocoa.framework */ = {isa = PBXBuildFile; fileRef = E0288E37E973B6296A542334; };
		A391CD862C4DD51531406E64 /* System/Library/Frameworks/CoreMIDI.framework */ = {isa = PBXBuildFile; fileRef = 1013A809BD7674359B0AEC44; };
		B577201AEF3537D40206C528 /* System/Library/Frameworks/CoreAudioKit.framework */ = {isa = PBXBuildFile; fileRef = 6E1E30E84AB80CE0475AACF9; };
		C596F0268D7F3ECA251E854C /* RecentFilesMenuTemplate.nib */ = {isa = PBXBuildFile; fileRef = 6D2D9292F2108CD7592A7DE5; };
		C86642773055404205595118 /* System/Library/Frameworks/Foundation.framework */ = {isa = PBXBuildFile; fileRef = C59878E625664CFDF3C2A90C; };
		D411D74DE800E8A5C292560C /* System/Library/Frameworks/CoreAudio.framework */ = {isa = PBXBuildFile; fileRef = DD9F464C935BF21B81E4FA20; };
		E86075114165BA8147DC9D7F /* System/Library/Frameworks/AudioUnit.framework */ = {isa = PBXBuildFile; fileRef = 6BB5F7E8707DA65BE4D46D8E; };
		E8BCCE9A375A0586F7B24FC4 /* Standalone Plugin */ = {isa = PBXBuildFile; fileRef = 14A8F49C3278F1577B6AF65C; };
		F1476ABD06D60A5D54828CE5 /* ../../JuceLibraryCode/include_juce_audio_formats.mm */ = {isa = PBXBuildFile; fileRef = 905FBD8D898400C74BF37450; };
		FBFE37ABBD2E0B25DB0D4220 /* System/Library/Frameworks/DiscRecording.framework */ = {isa = PBXBuildFile; fileRef = 6FFCC0BC19040E4230B8185A; };
/* End PBXBuildFile section */

/* Begin PBXFileReference section */
		00586A75F4B86D28896E9465 /* ../../JuceLibraryCode/include_juce_audio_plugin_client_AU_1.mm */ /* include_juce_audio_plugin_client_AU_1.mm */ = {isa = PBXFileReference; lastKnownFileType = sourcecode.cpp.objcpp; name = include_juce_audio_plugin_client_AU_1.mm; path = ../../JuceLibraryCode/include_juce_audio_plugin_client_AU_1.mm; sourceTree = SOURCE_ROOT; };
		039EA06AA0A629206BEC9F35 /* ../../JuceLibraryCode/JucePluginDefines.h */ /* JucePluginDefines.h */ = {isa = PBXFileReference; lastKnownFileType = sourcecode.c.h; name = JucePluginDefines.h; path = ../../JuceLibraryCode/JucePluginDefines.h; sourceTree = SOURCE_ROOT; };
		04A62172FA37708CC7506E0F /* ~/JUCE/modules/juce_audio_plugin_client */ /* juce_audio_plugin_client */ = {isa = PBXFileReference; lastKnownFileType = folder; name = juce_audio_plugin_client; path = "~/JUCE/modules/juce_audio_plugin_client"; sourceTree = "<absolute>"; };
		0CF7285D43E5AD04D17AE830 /* ../../JuceLibraryCode/include_juce_gui_extra.mm */ /* include_juce_gui_extra.mm */ = {isa = PBXFileReference; lastKnownFileType = sourcecode.cpp.objcpp; name = include_juce_gui_extra.mm; path = ../../JuceLibraryCode/include_juce_gui_extra.mm; sourceTree = SOURCE_ROOT; };
		1013A809BD7674359B0AEC44 /* System/Library/Frameworks/CoreMIDI.framework */ /* CoreMIDI.framework */ = {isa = PBXFileReference; lastKnownFileType = wrapper.framework; name = CoreMIDI.framework; path = System/Library/Frameworks/CoreMIDI.framework; sourceTree = SDKROOT; };
		14A8F49C3278F1577B6AF65C /* Standalone Plugin */ = {isa = PBXFileReference; explicitFileType = wrapper.application; includeInIndex = 0; path = ClarityPlugin3.app; sourceTree = BUILT_PRODUCTS_DIR; };
		1B9005611490634EC75B60FC /* ../../Source/PluginEditor.h */ /* PluginEditor.h */ = {isa = PBXFileReference; lastKnownFileType = sourcecode.c.h; name = PluginEditor.h; path = ../../Source/PluginEditor.h; sourceTree = SOURCE_ROOT; };
		1C27229DA036867BFBDA423B /* ../../Source/PluginEditor.cpp */ /* PluginEditor.cpp */ = {isa = PBXFileReference; lastKnownFileType = sourcecode.cpp.cpp; name = PluginEditor.cpp; path = ../../Source/PluginEditor.cpp; sourceTree = SOURCE_ROOT; };
		1F37AC959B4FDFE97B28C21F /* ../../JuceLibraryCode/include_juce_core.mm */ /* include_juce_core.mm */ = {isa = PBXFileReference; lastKnownFileType = sourcecode.cpp.objcpp; name = include_juce_core.mm; path = ../../JuceLibraryCode/include_juce_core.mm; sourceTree = SOURCE_ROOT; };
		1F97BE69550B977173D6066C /* ../../Source/SimpleFFT.h */ /* SimpleFFT.h */ = {isa = PBXFileReference; lastKnownFileType = sourcecode.c.h; name = SimpleFFT.h; path = ../../Source/SimpleFFT.h; sourceTree = SOURCE_ROOT; };
		2146A826C668E38695FFB281 /* ../../JuceLibraryCode/include_juce_cryptography.mm */ /* include_juce_cryptography.mm */ = {isa = PBXFileReference; lastKnownFileType = sourcecode.cpp.objcpp; name = include_juce_cryptography.mm; path = ../../JuceLibraryCode/include_juce_cryptography.mm; sourceTree = SOURCE_ROOT; };
		2ADF6A2FA3815D32A22CFCEC /* ~/JUCE/modules/juce_audio_formats */ /* juce_audio_formats */ = {isa = PBXFileReference; lastKnownFileType = folder; name = juce_audio_formats; path = "~/JUCE/modules/juce_audio_formats"; sourceTree = "<absolute>"; };
		2DDBBF8BC604B68F89268219 /* ~/JUCE/modules/juce_cryptography */ /* juce_cryptography */ = {isa = PBXFileReference; lastKnownFileType = folder; name = juce_cryptography; path = "~/JUCE/modules/juce_cryptography"; sourceTree = "<absolute>"; };
		2DEDFED95B91C97B93928AC1 /* ../../JuceLibraryCode/include_dRowAudio.mm */ /* include_dRowAudio.mm */ = {isa = PBXFileReference; lastKnownFileType = sourcecode.cpp.objcpp; name = include_dRowAudio.mm; path = ../../JuceLibraryCode/include_dRowAudio.mm; sourceTree = SOURCE_ROOT; };
		2E1859D72470AD5C4481069B /* ../../Source/DeviceManager.h */ /* DeviceManager.h */ = {isa = PBXFileReference; lastKnownFileType = sourcecode.c.h; name = DeviceManager.h; path = ../../Source/DeviceManager.h; sourceTree = SOURCE_ROOT; };
		2EAF15515A503C8634D0AD76 /* ~/JUCE/modules/juce_audio_devices */ /* juce_audio_devices */ = {isa = PBXFileReference; lastKnownFileType = folder; name = juce_audio_devices; path = "~/JUCE/modules/juce_audio_devices"; sourceTree = "<absolute>"; };
		343899A6B32A8DC7DDD5B7E3 /* ../../JuceLibraryCode/include_juce_audio_plugin_client_AU.r */ /* include_juce_audio_plugin_client_AU.r */ = {isa = PBXFileReference; lastKnownFileType = file.r; name = include_juce_audio_plugin_client_AU.r; path = ../../JuceLibraryCode/include_juce_audio_plugin_client_AU.r; sourceTree = SOURCE_ROOT; };
		3819A470A5E1EA86CD05A159 /* ~/JUCE/modules/juce_dsp */ /* juce_dsp */ = {isa = PBXFileReference; lastKnownFileType = folder; name = juce_dsp; path = "~/JUCE/modules/juce_dsp"; sourceTree = "<absolute>"; };
		3849F93D99AA310428F818DE /* ../../JuceLibraryCode/include_juce_audio_utils.mm */ /* include_juce_audio_utils.mm */ = {isa = PBXFileReference; lastKnownFileType = sourcecode.cpp.objcpp; name = include_juce_audio_utils.mm; path = ../../JuceLibraryCode/include_juce_audio_utils.mm; sourceTree = SOURCE_ROOT; };
		3D848D6D1BEC9723372A5FCC /* ../../JuceLibraryCode/include_juce_audio_basics.mm */ /* include_juce_audio_basics.mm */ = {isa = PBXFileReference; lastKnownFileType = sourcecode.cpp.objcpp; name = include_juce_audio_basics.mm; path = ../../JuceLibraryCode/include_juce_audio_basics.mm; sourceTree = SOURCE_ROOT; };
		3EE8E88B5D9F1786AB54D55D /* ~/JUCE/modules/juce_audio_processors */ /* juce_audio_processors */ = {isa = PBXFileReference; lastKnownFileType = folder; name = juce_audio_processors; path = "~/JUCE/modules/juce_audio_processors"; sourceTree = "<absolute>"; };
		4104AF0EB8965D2B8E95F7C3 /* System/Library/Frameworks/WebKit.framework */ /* WebKit.framework */ = {isa = PBXFileReference; lastKnownFileType = wrapper.framework; name = WebKit.framework; path = System/Library/Frameworks/WebKit.framework; sourceTree = SDKROOT; };
		4CF7A4BB12B34F6861BE2D35 /* ../../JuceLibraryCode/include_juce_audio_plugin_client_VST3.cpp */ /* include_juce_audio_plugin_client_VST3.cpp */ = {isa = PBXFileReference; lastKnownFileType = sourcecode.cpp.cpp; name = include_juce_audio_plugin_client_VST3.cpp; path = ../../JuceLibraryCode/include_juce_audio_plugin_client_VST3.cpp; sourceTree = SOURCE_ROOT; };
		4F6BC6114FB8AC3714C6B38E /* ~/JUCE/modules/juce_events */ /* juce_events */ = {isa = PBXFileReference; lastKnownFileType = folder; name = juce_events; path = "~/JUCE/modules/juce_events"; sourceTree = "<absolute>"; };
		6A0D40A1300EDB153AC69BAA /* ../../Source/PluginProcessor.cpp */ /* PluginProcessor.cpp */ = {isa = PBXFileReference; lastKnownFileType = sourcecode.cpp.cpp; name = PluginProcessor.cpp; path = ../../Source/PluginProcessor.cpp; sourceTree = SOURCE_ROOT; };
		6B6540BABCFEAB479915ACB7 /* ../../JuceLibraryCode/include_juce_graphics.mm */ /* include_juce_graphics.mm */ = {isa = PBXFileReference; lastKnownFileType = sourcecode.cpp.objcpp; name = include_juce_graphics.mm; path = ../../JuceLibraryCode/include_juce_graphics.mm; sourceTree = SOURCE_ROOT; };
		6BB5F7E8707DA65BE4D46D8E /* System/Library/Frameworks/AudioUnit.framework */ /* AudioUnit.framework */ = {isa = PBXFileReference; lastKnownFileType = wrapper.framework; name = AudioUnit.framework; path = System/Library/Frameworks/AudioUnit.framework; sourceTree = SDKROOT; };
		6C50DEB8686D46C04875F04B /* System/Library/Frameworks/IOKit.framework */ /* IOKit.framework */ = {isa = PBXFileReference; lastKnownFileType = wrapper.framework; name = IOKit.framework; path = System/Library/Frameworks/IOKit.framework; sourceTree = SDKROOT; };
		6D2D9292F2108CD7592A7DE5 /* RecentFilesMenuTemplate.nib */ /* RecentFilesMenuTemplate.nib */ = {isa = PBXFileReference; lastKnownFileType = file.nib; name = RecentFilesMenuTemplate.nib; path = RecentFilesMenuTemplate.nib; sourceTree = SOURCE_ROOT; };
		6E1E30E84AB80CE0475AACF9 /* System/Library/Frameworks/CoreAudioKit.framework */ /* CoreAudioKit.framework */ = {isa = PBXFileReference; lastKnownFileType = wrapper.framework; name = CoreAudioKit.framework; path = System/Library/Frameworks/CoreAudioKit.framework; sourceTree = SDKROOT; };
		6FFCC0BC19040E4230B8185A /* System/Library/Frameworks/DiscRecording.framework */ /* DiscRecording.framework */ = {isa = PBXFileReference; lastKnownFileType = wrapper.framework; name = DiscRecording.framework; path = System/Library/Frameworks/DiscRecording.framework; sourceTree = SDKROOT; };
		743503856663539934A62610 /* ../../JuceLibraryCode/include_juce_audio_plugin_client_utils.cpp */ /* include_juce_audio_plugin_client_utils.cpp */ = {isa = PBXFileReference; lastKnownFileType = sourcecode.cpp.cpp; name = include_juce_audio_plugin_client_utils.cpp; path = ../../JuceLibraryCode/include_juce_audio_plugin_client_utils.cpp; sourceTree = SOURCE_ROOT; };
		7BE98911DCD170903B0ECD0C /* System/Library/Frameworks/QuartzCore.framework */ /* QuartzCore.framework */ = {isa = PBXFileReference; lastKnownFileType = wrapper.framework; name = QuartzCore.framework; path = System/Library/Frameworks/QuartzCore.framework; sourceTree = SDKROOT; };
		7EF81C36960699DF1CF8D8CC /* ../../JuceLibraryCode/include_juce_audio_devices.mm */ /* include_juce_audio_devices.mm */ = {isa = PBXFileReference; lastKnownFileType = sourcecode.cpp.objcpp; name = include_juce_audio_devices.mm; path = ../../JuceLibraryCode/include_juce_audio_devices.mm; sourceTree = SOURCE_ROOT; };
		8071D72FE04D6FC8BF536DB7 /* ~/JUCE/modules/juce_audio_utils */ /* juce_audio_utils */ = {isa = PBXFileReference; lastKnownFileType = folder; name = juce_audio_utils; path = "~/JUCE/modules/juce_audio_utils"; sourceTree = "<absolute>"; };
		879F2360F4DF64BC874C455A /* ../../JuceLibraryCode/modules/dRowAudio */ /* dRowAudio */ = {isa = PBXFileReference; lastKnownFileType = folder; name = dRowAudio; path = ../../JuceLibraryCode/modules/dRowAudio; sourceTree = SOURCE_ROOT; };
		885BB1AB1656F7815F2CB54B /* System/Library/Frameworks/Accelerate.framework */ /* Accelerate.framework */ = {isa = PBXFileReference; lastKnownFileType = wrapper.framework; name = Accelerate.framework; path = System/Library/Frameworks/Accelerate.framework; sourceTree = SDKROOT; };
		8A66F8EAEEEB075A0D4BB5C9 /* ../../JuceLibraryCode/include_juce_audio_plugin_client_VST_utils.mm */ /* include_juce_audio_plugin_client_VST_utils.mm */ = {isa = PBXFileReference; lastKnownFileType = sourcecode.cpp.objcpp; name = include_juce_audio_plugin_client_VST_utils.mm; path = ../../JuceLibraryCode/include_juce_audio_plugin_client_VST_utils.mm; sourceTree = SOURCE_ROOT; };
		8B5B1D1DD72DA0695E29BBD6 /* ~/JUCE/modules/juce_gui_extra */ /* juce_gui_extra */ = {isa = PBXFileReference; lastKnownFileType = folder; name = juce_gui_extra; path = "~/JUCE/modules/juce_gui_extra"; sourceTree = "<absolute>"; };
		905FBD8D898400C74BF37450 /* ../../JuceLibraryCode/include_juce_audio_formats.mm */ /* include_juce_audio_formats.mm */ = {isa = PBXFileReference; lastKnownFileType = sourcecode.cpp.objcpp; name = include_juce_audio_formats.mm; path = ../../JuceLibraryCode/include_juce_audio_formats.mm; sourceTree = SOURCE_ROOT; };
		92FFA5613806B83F287E2878 /* Info-AU.plist */ /* Info-AU.plist */ = {isa = PBXFileReference; lastKnownFileType = text.plist.xml; name = "Info-AU.plist"; path = "Info-AU.plist"; sourceTree = SOURCE_ROOT; };
		95481F5F1F4B43CBEE81FC28 /* ../../Source/AnalyserComponent.h */ /* AnalyserComponent.h */ = {isa = PBXFileReference; lastKnownFileType = sourcecode.c.h; name = AnalyserComponent.h; path = ../../Source/AnalyserComponent.h; sourceTree = SOURCE_ROOT; };
		988754BD91DFA659630DFC0E /* ~/JUCE/modules/juce_gui_basics */ /* juce_gui_basics */ = {isa = PBXFileReference; lastKnownFileType = folder; name = juce_gui_basics; path = "~/JUCE/modules/juce_gui_basics"; sourceTree = "<absolute>"; };
		9A9307E017E3EA3252419234 /* ../../Source/PluginProcessor.h */ /* PluginProcessor.h */ = {isa = PBXFileReference; lastKnownFileType = sourcecode.c.h; name = PluginProcessor.h; path = ../../Source/PluginProcessor.h; sourceTree = SOURCE_ROOT; };
		9D3C9857A50E59B844FC1793 /* ~/JUCE/modules/juce_core */ /* juce_core */ = {isa = PBXFileReference; lastKnownFileType = folder; name = juce_core; path = "~/JUCE/modules/juce_core"; sourceTree = "<absolute>"; };
		AA5A3501CC2B513021968618 /* AU */ = {isa = PBXFileReference; explicitFileType = wrapper.cfbundle; includeInIndex = 0; path = ClarityPlugin3.component; sourceTree = BUILT_PRODUCTS_DIR; };
		AA8BD9300535D60737054925 /* System/Library/Frameworks/AudioToolbox.framework */ /* AudioToolbox.framework */ = {isa = PBXFileReference; lastKnownFileType = wrapper.framework; name = AudioToolbox.framework; path = System/Library/Frameworks/AudioToolbox.framework; sourceTree = SDKROOT; };
		AF9E05F3A97F69CFE70823AD /* ~/JUCE/modules/juce_audio_basics */ /* juce_audio_basics */ = {isa = PBXFileReference; lastKnownFileType = folder; name = juce_audio_basics; path = "~/JUCE/modules/juce_audio_basics"; sourceTree = "<absolute>"; };
		B157ED26543CE69E78D136A9 /* ../../JuceLibraryCode/include_juce_audio_processors.mm */ /* include_juce_audio_processors.mm */ = {isa = PBXFileReference; lastKnownFileType = sourcecode.cpp.objcpp; name = include_juce_audio_processors.mm; path = ../../JuceLibraryCode/include_juce_audio_processors.mm; sourceTree = SOURCE_ROOT; };
		C59878E625664CFDF3C2A90C /* System/Library/Frameworks/Foundation.framework */ /* Foundation.framework */ = {isa = PBXFileReference; lastKnownFileType = wrapper.framework; name = Foundation.framework; path = System/Library/Frameworks/Foundation.framework; sourceTree = SDKROOT; };
		CAD9AFA0C10C9B056AD49460 /* ~/JUCE/modules/juce_data_structures */ /* juce_data_structures */ = {isa = PBXFileReference; lastKnownFileType = folder; name = juce_data_structures; path = "~/JUCE/modules/juce_data_structures"; sourceTree = "<absolute>"; };
		CE02DD437A6B97D6ECAC3D78 /* ../../JuceLibraryCode/include_juce_audio_plugin_client_Standalone.cpp */ /* include_juce_audio_plugin_client_Standalone.cpp */ = {isa = PBXFileReference; lastKnownFileType = sourcecode.cpp.cpp; name = include_juce_audio_plugin_client_Standalone.cpp; path = ../../JuceLibraryCode/include_juce_audio_plugin_client_Standalone.cpp; sourceTree = SOURCE_ROOT; };
		D18A4A8E803ED54661379AFE /* Info-VST3.plist */ /* Info-VST3.plist */ = {isa = PBXFileReference; lastKnownFileType = text.plist.xml; name = "Info-VST3.plist"; path = "Info-VST3.plist"; sourceTree = SOURCE_ROOT; };
		D59904BCA7D408D6B520707D /* System/Library/Frameworks/Carbon.framework */ /* Carbon.framework */ = {isa = PBXFileReference; lastKnownFileType = wrapper.framework; name = Carbon.framework; path = System/Library/Frameworks/Carbon.framework; sourceTree = SDKROOT; };
		DD9F464C935BF21B81E4FA20 /* System/Library/Frameworks/CoreAudio.framework */ /* CoreAudio.framework */ = {isa = PBXFileReference; lastKnownFileType = wrapper.framework; name = CoreAudio.framework; path = System/Library/Frameworks/CoreAudio.framework; sourceTree = SDKROOT; };
		E0288E37E973B6296A542334 /* System/Library/Frameworks/Cocoa.framework */ /* Cocoa.framework */ = {isa = PBXFileReference; lastKnownFileType = wrapper.framework; name = Cocoa.framework; path = System/Library/Frameworks/Cocoa.framework; sourceTree = SDKROOT; };
		E278B232CE6B84A2DEA488A4 /* ../../JuceLibraryCode/include_juce_dsp.mm */ /* include_juce_dsp.mm */ = {isa = PBXFileReference; lastKnownFileType = sourcecode.cpp.objcpp; name = include_juce_dsp.mm; path = ../../JuceLibraryCode/include_juce_dsp.mm; sourceTree = SOURCE_ROOT; };
		E3D9F348B472329F5E387B07 /* ../../JuceLibraryCode/include_juce_gui_basics.mm */ /* include_juce_gui_basics.mm */ = {isa = PBXFileReference; lastKnownFileType = sourcecode.cpp.objcpp; name = include_juce_gui_basics.mm; path = ../../JuceLibraryCode/include_juce_gui_basics.mm; sourceTree = SOURCE_ROOT; };
		E42AD7EB97918C0B8A9E723A /* ../../JuceLibraryCode/JuceHeader.h */ /* JuceHeader.h */ = {isa = PBXFileReference; lastKnownFileType = sourcecode.c.h; name = JuceHeader.h; path = ../../JuceLibraryCode/JuceHeader.h; sourceTree = SOURCE_ROOT; };
		E6108324D570C4A535BACD9F /* ~/JUCE/modules/juce_graphics */ /* juce_graphics */ = {isa = PBXFileReference; lastKnownFileType = folder; name = juce_graphics; path = "~/JUCE/modules/juce_graphics"; sourceTree = "<absolute>"; };
		EB1CB0EFEC8B9E405E4BAC6C /* ../../JuceLibraryCode/include_juce_data_structures.mm */ /* include_juce_data_structures.mm */ = {isa = PBXFileReference; lastKnownFileType = sourcecode.cpp.objcpp; name = include_juce_data_structures.mm; path = ../../JuceLibraryCode/include_juce_data_structures.mm; sourceTree = SOURCE_ROOT; };
		EC8E4763EECE746CF7824B89 /* VST3 */ = {isa = PBXFileReference; explicitFileType = wrapper.cfbundle; includeInIndex = 0; path = ClarityPlugin3.vst3; sourceTree = BUILT_PRODUCTS_DIR; };
		F5ACD5669C59EA20911EC5E6 /* Shared Code */ = {isa = PBXFileReference; explicitFileType = archive.ar; includeInIndex = 0; path = libClarityPlugin3.a; sourceTree = BUILT_PRODUCTS_DIR; };
		F76C7595EBEDFFDA8D3CE1B5 /* Info-Standalone_Plugin.plist */ /* Info-Standalone_Plugin.plist */ = {isa = PBXFileReference; lastKnownFileType = text.plist.xml; name = "Info-Standalone_Plugin.plist"; path = "Info-Standalone_Plugin.plist"; sourceTree = SOURCE_ROOT; };
		FC9C24A4BAA37075CE9567C5 /* ../../JuceLibraryCode/include_juce_events.mm */ /* include_juce_events.mm */ = {isa = PBXFileReference; lastKnownFileType = sourcecode.cpp.objcpp; name = include_juce_events.mm; path = ../../JuceLibraryCode/include_juce_events.mm; sourceTree = SOURCE_ROOT; };
		FD368C6CA23C59965B3179BA /* ../../JuceLibraryCode/include_juce_audio_plugin_client_AU_2.mm */ /* include_juce_audio_plugin_client_AU_2.mm */ = {isa = PBXFileReference; lastKnownFileType = sourcecode.cpp.objcpp; name = include_juce_audio_plugin_client_AU_2.mm; path = ../../JuceLibraryCode/include_juce_audio_plugin_client_AU_2.mm; sourceTree = SOURCE_ROOT; };
/* End PBXFileReference section */

/* Begin PBXFrameworksBuildPhase section */
		94C4EEFF8FCD7E6584BA0588 = {
			isa = PBXFrameworksBuildPhase;
			buildActionMask = 2147483647;
			files = (
				3DCCB1073F9E07758047E821,
				8A9952C7F3570E22FD61166C,
				139AF14C26F2943C3CD6EF1E,
				A1FA04F17007D5A6175A4D0B,
				D411D74DE800E8A5C292560C,
				B577201AEF3537D40206C528,
				A391CD862C4DD51531406E64,
				FBFE37ABBD2E0B25DB0D4220,
				C86642773055404205595118,
				8DEC91D2E48A36241F2B34C9,
				84A3B069A62950AF46008199,
				02237C3363FAB3DA91DD9707,
			);
			runOnlyForDeploymentPostprocessing = 0;
		};
		C482BCEFE756DC7FB94127EA = {
			isa = PBXFrameworksBuildPhase;
			buildActionMask = 2147483647;
			files = (
				3DCCB1073F9E07758047E821,
				8A9952C7F3570E22FD61166C,
				139AF14C26F2943C3CD6EF1E,
				A1FA04F17007D5A6175A4D0B,
				D411D74DE800E8A5C292560C,
				B577201AEF3537D40206C528,
				A391CD862C4DD51531406E64,
				FBFE37ABBD2E0B25DB0D4220,
				C86642773055404205595118,
				8DEC91D2E48A36241F2B34C9,
				84A3B069A62950AF46008199,
				02237C3363FAB3DA91DD9707,
			);
			runOnlyForDeploymentPostprocessing = 0;
		};
		E4AED8BF97623184AA693240 = {
			isa = PBXFrameworksBuildPhase;
			buildActionMask = 2147483647;
			files = (
				E86075114165BA8147DC9D7F,
				3DCCB1073F9E07758047E821,
				8A9952C7F3570E22FD61166C,
				139AF14C26F2943C3CD6EF1E,
				A1FA04F17007D5A6175A4D0B,
				D411D74DE800E8A5C292560C,
				B577201AEF3537D40206C528,
				A391CD862C4DD51531406E64,
				FBFE37ABBD2E0B25DB0D4220,
				C86642773055404205595118,
				8DEC91D2E48A36241F2B34C9,
				84A3B069A62950AF46008199,
				02237C3363FAB3DA91DD9707,
			);
			runOnlyForDeploymentPostprocessing = 0;
		};
/* End PBXFrameworksBuildPhase section */

/* Begin PBXGroup section */
		0D6DAD7FD5F30DF210121886 /* ClarityPlugin3 */ = {
			isa = PBXGroup;
			children = (
				3B77B17A886C5CE0BC2348C1,
			);
			name = ClarityPlugin3;
			sourceTree = "<group>";
		};
		31C8BF296C7C3B614DC4F073 /* Source */ = {
			isa = PBXGroup;
			children = (
				0D6DAD7FD5F30DF210121886,
				54F4EAFE7934C01975F8A9E3,
				85523C555BF2A21FB3D15A9E,
				8A7D4CA6BA6FBD944DBCF6F2,
				44E2B45353D65C7CB614742C,
				B635A8EDC81FE431E495EF9C,
			);
			name = Source;
			sourceTree = "<group>";
		};
		3B77B17A886C5CE0BC2348C1 /* Source */ = {
			isa = PBXGroup;
			children = (
				2E1859D72470AD5C4481069B,
				1F97BE69550B977173D6066C,
				95481F5F1F4B43CBEE81FC28,
				6A0D40A1300EDB153AC69BAA,
				9A9307E017E3EA3252419234,
				1C27229DA036867BFBDA423B,
				1B9005611490634EC75B60FC,
			);
			name = Source;
			sourceTree = "<group>";
		};
		44E2B45353D65C7CB614742C /* Frameworks */ = {
			isa = PBXGroup;
			children = (
				6BB5F7E8707DA65BE4D46D8E,
				885BB1AB1656F7815F2CB54B,
				AA8BD9300535D60737054925,
				D59904BCA7D408D6B520707D,
				E0288E37E973B6296A542334,
				DD9F464C935BF21B81E4FA20,
				6E1E30E84AB80CE0475AACF9,
				1013A809BD7674359B0AEC44,
				6FFCC0BC19040E4230B8185A,
				C59878E625664CFDF3C2A90C,
				6C50DEB8686D46C04875F04B,
				7BE98911DCD170903B0ECD0C,
				4104AF0EB8965D2B8E95F7C3,
			);
			name = Frameworks;
			sourceTree = "<group>";
		};
		54F4EAFE7934C01975F8A9E3 /* JUCE Modules */ = {
			isa = PBXGroup;
			children = (
				879F2360F4DF64BC874C455A,
				AF9E05F3A97F69CFE70823AD,
				2EAF15515A503C8634D0AD76,
				2ADF6A2FA3815D32A22CFCEC,
				04A62172FA37708CC7506E0F,
				3EE8E88B5D9F1786AB54D55D,
				8071D72FE04D6FC8BF536DB7,
				9D3C9857A50E59B844FC1793,
				2DDBBF8BC604B68F89268219,
				CAD9AFA0C10C9B056AD49460,
				3819A470A5E1EA86CD05A159,
				4F6BC6114FB8AC3714C6B38E,
				E6108324D570C4A535BACD9F,
				988754BD91DFA659630DFC0E,
				8B5B1D1DD72DA0695E29BBD6,
			);
			name = "JUCE Modules";
			sourceTree = "<group>";
		};
		85523C555BF2A21FB3D15A9E /* JUCE Library Code */ = {
			isa = PBXGroup;
			children = (
				2DEDFED95B91C97B93928AC1,
				3D848D6D1BEC9723372A5FCC,
				7EF81C36960699DF1CF8D8CC,
				905FBD8D898400C74BF37450,
				343899A6B32A8DC7DDD5B7E3,
				00586A75F4B86D28896E9465,
				FD368C6CA23C59965B3179BA,
				CE02DD437A6B97D6ECAC3D78,
				743503856663539934A62610,
				8A66F8EAEEEB075A0D4BB5C9,
				4CF7A4BB12B34F6861BE2D35,
				B157ED26543CE69E78D136A9,
				3849F93D99AA310428F818DE,
				1F37AC959B4FDFE97B28C21F,
				2146A826C668E38695FFB281,
				EB1CB0EFEC8B9E405E4BAC6C,
				E278B232CE6B84A2DEA488A4,
				FC9C24A4BAA37075CE9567C5,
				6B6540BABCFEAB479915ACB7,
				E3D9F348B472329F5E387B07,
				0CF7285D43E5AD04D17AE830,
				E42AD7EB97918C0B8A9E723A,
				039EA06AA0A629206BEC9F35,
			);
			name = "JUCE Library Code";
			sourceTree = "<group>";
		};
		8A7D4CA6BA6FBD944DBCF6F2 /* Resources */ = {
			isa = PBXGroup;
			children = (
				D18A4A8E803ED54661379AFE,
				92FFA5613806B83F287E2878,
				F76C7595EBEDFFDA8D3CE1B5,
				6D2D9292F2108CD7592A7DE5,
			);
			name = Resources;
			sourceTree = "<group>";
		};
		B635A8EDC81FE431E495EF9C /* Products */ = {
			isa = PBXGroup;
			children = (
				EC8E4763EECE746CF7824B89,
				AA5A3501CC2B513021968618,
				14A8F49C3278F1577B6AF65C,
				F5ACD5669C59EA20911EC5E6,
			);
			name = Products;
			sourceTree = "<group>";
		};
/* End PBXGroup section */

/* Begin PBXNativeTarget section */
		362B2FF5954658D2190FA498 /* ClarityPlugin3 - VST3 */ = {
			isa = PBXNativeTarget;
			buildConfigurationList = A2D57ADA515E5570FB437A8F;
			buildPhases = (
				07DE4ECB4A3D9D62B260FC13,
				EA45BFDAD65D8BE958A307BB,
				94C4EEFF8FCD7E6584BA0588,
			);
			buildRules = (
			);
			dependencies = (
				A3A7E4733FBB47C9BEA18B5A,
			);
			name = "ClarityPlugin3 - VST3";
			productName = ClarityPlugin3;
			productReference = EC8E4763EECE746CF7824B89;
			productType = "com.apple.product-type.bundle";
		};
		534353DE761D4AE30293BD25 /* ClarityPlugin3 - Standalone Plugin */ = {
			isa = PBXNativeTarget;
			buildConfigurationList = F63A301F703A765B9401CFA6;
			buildPhases = (
				A2B54D3D32E6C824944CA070,
				63B90CE512049210FB44475E,
				C482BCEFE756DC7FB94127EA,
			);
			buildRules = (
			);
			dependencies = (
				EAF1CC7C217FD1B731EDBD70,
			);
			name = "ClarityPlugin3 - Standalone Plugin";
			productName = ClarityPlugin3;
			productReference = 14A8F49C3278F1577B6AF65C;
			productType = "com.apple.product-type.application";
		};
		570BB903991E1B170FD22ED3 /* ClarityPlugin3 - AU */ = {
			isa = PBXNativeTarget;
			buildConfigurationList = AE1AA93FB1EB6667BC9E06AA;
			buildPhases = (
				277A78642338C33A57864996,
				5FBD9902E8AE1DF019B70CB0,
				19DA134054ABE91B07EC042C,
				E4AED8BF97623184AA693240,
			);
			buildRules = (
			);
			dependencies = (
				9F99C54D2214F7D1DB296F47,
			);
			name = "ClarityPlugin3 - AU";
			productName = ClarityPlugin3;
			productReference = AA5A3501CC2B513021968618;
			productType = "com.apple.product-type.bundle";
		};
		6B440D3AE5DDA0EBE5891A46 /* ClarityPlugin3 - Shared Code */ = {
			isa = PBXNativeTarget;
			buildConfigurationList = EF43344F2315DD643F858894;
			buildPhases = (
				74F8794A1F8BF9A29D6F06D0,
			);
			buildRules = (
			);
			dependencies = (
			);
			name = "ClarityPlugin3 - Shared Code";
			productName = ClarityPlugin3;
			productReference = F5ACD5669C59EA20911EC5E6;
			productType = "com.apple.product-type.library.static";
		};
/* End PBXNativeTarget section */

/* Begin PBXProject section */
		2E147651EFB54AFCF05BC96C = {
			isa = PBXProject;
			attributes = {
				LastUpgradeCheck = 1240;
				ORGANIZATIONNAME = "";
				TargetAttributes = {
					362B2FF5954658D2190FA498 = {
						SystemCapabilities = {
							com.apple.ApplicationGroups.iOS = {
								enabled = 0;
							};
							com.apple.HardenedRuntime = {
								enabled = 0;
							};
							com.apple.InAppPurchase = {
								enabled = 0;
							};
							com.apple.InterAppAudio = {
								enabled = 0;
							};
							com.apple.Push = {
								enabled = 0;
							};
							com.apple.Sandbox = {
								enabled = 0;
							};
						};
					};
					534353DE761D4AE30293BD25 = {
						SystemCapabilities = {
							com.apple.ApplicationGroups.iOS = {
								enabled = 0;
							};
							com.apple.HardenedRuntime = {
								enabled = 0;
							};
							com.apple.InAppPurchase = {
								enabled = 0;
							};
							com.apple.InterAppAudio = {
								enabled = 0;
							};
							com.apple.Push = {
								enabled = 0;
							};
							com.apple.Sandbox = {
								enabled = 0;
							};
						};
					};
					570BB903991E1B170FD22ED3 = {
						SystemCapabilities = {
							com.apple.ApplicationGroups.iOS = {
								enabled = 0;
							};
							com.apple.HardenedRuntime = {
								enabled = 0;
							};
							com.apple.InAppPurchase = {
								enabled = 0;
							};
							com.apple.InterAppAudio = {
								enabled = 0;
							};
							com.apple.Push = {
								enabled = 0;
							};
							com.apple.Sandbox = {
								enabled = 0;
							};
						};
					};
					5807CB36DD24CFCE687C640B = {
						SystemCapabilities = {
							com.apple.ApplicationGroups.iOS = {
								enabled = 0;
							};
							com.apple.HardenedRuntime = {
								enabled = 0;
							};
							com.apple.InAppPurchase = {
								enabled = 0;
							};
							com.apple.InterAppAudio = {
								enabled = 0;
							};
							com.apple.Push = {
								enabled = 0;
							};
							com.apple.Sandbox = {
								enabled = 0;
							};
						};
					};
					6B440D3AE5DDA0EBE5891A46 = {
						SystemCapabilities = {
							com.apple.ApplicationGroups.iOS = {
								enabled = 0;
							};
							com.apple.HardenedRuntime = {
								enabled = 0;
							};
							com.apple.InAppPurchase = {
								enabled = 0;
							};
							com.apple.InterAppAudio = {
								enabled = 0;
							};
							com.apple.Push = {
								enabled = 0;
							};
							com.apple.Sandbox = {
								enabled = 0;
							};
						};
					};
				};
			};
			buildConfigurationList = D83300AEEDCCE22EC782C4C0;
			compatibilityVersion = "Xcode 3.2";
			hasScannedForEncodings = 0;
			knownRegions = (
				en,
				Base,
			);
			mainGroup = 31C8BF296C7C3B614DC4F073;
			projectDirPath = "";
			projectRoot = "";
			targets = (
				5807CB36DD24CFCE687C640B,
				362B2FF5954658D2190FA498,
				570BB903991E1B170FD22ED3,
				534353DE761D4AE30293BD25,
				6B440D3AE5DDA0EBE5891A46,
			);
		};
/* End PBXProject section */

/* Begin PBXResourcesBuildPhase section */
		07DE4ECB4A3D9D62B260FC13 = {
			isa = PBXResourcesBuildPhase;
			buildActionMask = 2147483647;
			files = (
				C596F0268D7F3ECA251E854C,
			);
			runOnlyForDeploymentPostprocessing = 0;
		};
		277A78642338C33A57864996 = {
			isa = PBXResourcesBuildPhase;
			buildActionMask = 2147483647;
			files = (
				C596F0268D7F3ECA251E854C,
			);
			runOnlyForDeploymentPostprocessing = 0;
		};
		A2B54D3D32E6C824944CA070 = {
			isa = PBXResourcesBuildPhase;
			buildActionMask = 2147483647;
			files = (
				C596F0268D7F3ECA251E854C,
			);
			runOnlyForDeploymentPostprocessing = 0;
		};
/* End PBXResourcesBuildPhase section */

/* Begin PBXRezBuildPhase section */
		5FBD9902E8AE1DF019B70CB0 = {
			isa = PBXRezBuildPhase;
			buildActionMask = 2147483647;
			files = (
				13AE6FF4D75A68F589D5E0BA,
			);
			runOnlyForDeploymentPostprocessing = 0;
		};
/* End PBXRezBuildPhase section */

/* Begin PBXSourcesBuildPhase section */
		19DA134054ABE91B07EC042C = {
			isa = PBXSourcesBuildPhase;
			buildActionMask = 2147483647;
			files = (
				8F49310496C989F1D00AF4A1,
				1CE368973DAA5A2FC50D810C,
			);
			runOnlyForDeploymentPostprocessing = 0;
		};
		63B90CE512049210FB44475E = {
			isa = PBXSourcesBuildPhase;
			buildActionMask = 2147483647;
			files = (
				02668EFF992DB2845CA6889B,
			);
			runOnlyForDeploymentPostprocessing = 0;
		};
		74F8794A1F8BF9A29D6F06D0 = {
			isa = PBXSourcesBuildPhase;
			buildActionMask = 2147483647;
			files = (
				362B713EFCC799AC514ED05E,
				5E5C28A8D15757CA33E72636,
				0454F6077A6E739E47845F3F,
				2A8EE648C7C229BE8A2684D1,
				16C8CFB596EF7E14E675F2CA,
				F1476ABD06D60A5D54828CE5,
				50F9C01838EF48FD2D0C366E,
				39A33EEC42715B30E52EBDAE,
				337FDB42ECB43E1DF1C2A4CC,
				156A95D5BA0F81EA9E55FE13,
				9A8B60CC37385D4402E4990D,
				7256925BCE35B202D72CE43C,
				6EADD802F910D9F8B22EE607,
				12175492191E2CA742E1DD58,
				55EFA0EECB81AA88C97043EE,
				300AD9BBB2F7DDFC478C55C5,
				3B89C57807A5C93CB582F015,
				5289A3E2136EF91F0FC4DE1C,
			);
			runOnlyForDeploymentPostprocessing = 0;
		};
		EA45BFDAD65D8BE958A307BB = {
			isa = PBXSourcesBuildPhase;
			buildActionMask = 2147483647;
			files = (
				16546FF86603955EDC6DB251,
			);
			runOnlyForDeploymentPostprocessing = 0;
		};
/* End PBXSourcesBuildPhase section */

/* Begin PBXTargetDependency section */
		0C28F882490BE93682D2E5EE = {
			isa = PBXTargetDependency;
			target = 570BB903991E1B170FD22ED3;
		};
		2FE3426F3E1F4E3F93463ADF = {
			isa = PBXTargetDependency;
			target = 362B2FF5954658D2190FA498;
		};
		503F68B5A9512F276E1CBE28 = {
			isa = PBXTargetDependency;
			target = 6B440D3AE5DDA0EBE5891A46;
		};
		73EB6DBADBD682DE9A417D3C = {
			isa = PBXTargetDependency;
			target = 534353DE761D4AE30293BD25;
		};
		9F99C54D2214F7D1DB296F47 = {
			isa = PBXTargetDependency;
			target = 6B440D3AE5DDA0EBE5891A46;
		};
		A3A7E4733FBB47C9BEA18B5A = {
			isa = PBXTargetDependency;
			target = 6B440D3AE5DDA0EBE5891A46;
		};
		EAF1CC7C217FD1B731EDBD70 = {
			isa = PBXTargetDependency;
			target = 6B440D3AE5DDA0EBE5891A46;
		};
/* End PBXTargetDependency section */

/* Begin XCBuildConfiguration section */
		2B24CB18FC75E691D6AC6673 /* Release */ = {
			isa = XCBuildConfiguration;
			buildSettings = {
				CLANG_CXX_LANGUAGE_STANDARD = "c++14";
				CLANG_CXX_LIBRARY = "libc++";
				CLANG_LINK_OBJC_RUNTIME = NO;
				CODE_SIGN_IDENTITY = "";
				COMBINE_HIDPI_IMAGES = YES;
				CONFIGURATION_BUILD_DIR = "$(PROJECT_DIR)/build/$(CONFIGURATION)";
				DEAD_CODE_STRIPPING = YES;
				GCC_GENERATE_DEBUGGING_SYMBOLS = NO;
				GCC_OPTIMIZATION_LEVEL = 3;
				GCC_PREPROCESSOR_DEFINITIONS = (
					"_NDEBUG=1",
					"NDEBUG=1",
					"JUCE_DISPLAY_SPLASH_SCREEN=1",
					"JUCE_USE_DARK_SPLASH_SCREEN=1",
					"JUCE_PROJUCER_VERSION=0x60008",
					"JUCE_MODULE_AVAILABLE_dRowAudio=1",
					"JUCE_MODULE_AVAILABLE_juce_audio_basics=1",
					"JUCE_MODULE_AVAILABLE_juce_audio_devices=1",
					"JUCE_MODULE_AVAILABLE_juce_audio_formats=1",
					"JUCE_MODULE_AVAILABLE_juce_audio_plugin_client=1",
					"JUCE_MODULE_AVAILABLE_juce_audio_processors=1",
					"JUCE_MODULE_AVAILABLE_juce_audio_utils=1",
					"JUCE_MODULE_AVAILABLE_juce_core=1",
					"JUCE_MODULE_AVAILABLE_juce_cryptography=1",
					"JUCE_MODULE_AVAILABLE_juce_data_structures=1",
					"JUCE_MODULE_AVAILABLE_juce_dsp=1",
					"JUCE_MODULE_AVAILABLE_juce_events=1",
					"JUCE_MODULE_AVAILABLE_juce_graphics=1",
					"JUCE_MODULE_AVAILABLE_juce_gui_basics=1",
					"JUCE_MODULE_AVAILABLE_juce_gui_extra=1",
					"JUCE_GLOBAL_MODULE_SETTINGS_INCLUDED=1",
					"DROWAUDIO_USE_FFTREAL=1",
					"DROWAUDIO_USE_CURL=1",
					"JUCE_VST3_CAN_REPLACE_VST2=0",
					"JUCE_STRICT_REFCOUNTEDPOINTER=1",
					"JucePlugin_Build_VST=0",
					"JucePlugin_Build_VST3=0",
					"JucePlugin_Build_AU=0",
					"JucePlugin_Build_AUv3=0",
					"JucePlugin_Build_RTAS=0",
					"JucePlugin_Build_AAX=0",
					"JucePlugin_Build_Standalone=1",
					"JucePlugin_Build_Unity=0",
					"JucePlugin_Enable_IAA=0",
					"JucePlugin_Name=\\\"ClarityPlugin3\\\"",
					"JucePlugin_Desc=\\\"ClarityPlugin3\\\"",
					"JucePlugin_Manufacturer=\\\"yourcompany\\\"",
					"JucePlugin_ManufacturerWebsite=\\\"\\\"",
					"JucePlugin_ManufacturerEmail=\\\"\\\"",
					"JucePlugin_ManufacturerCode=0x4d616e75",
					"JucePlugin_PluginCode=0x53367a70",
					"JucePlugin_IsSynth=0",
					"JucePlugin_WantsMidiInput=0",
					"JucePlugin_ProducesMidiOutput=0",
					"JucePlugin_IsMidiEffect=0",
					"JucePlugin_EditorRequiresKeyboardFocus=0",
					"JucePlugin_Version=1.0.0",
					"JucePlugin_VersionCode=0x10000",
					"JucePlugin_VersionString=\\\"1.0.0\\\"",
					"JucePlugin_VSTUniqueID=JucePlugin_PluginCode",
					"JucePlugin_VSTCategory=kPlugCategEffect",
					"JucePlugin_Vst3Category=\\\"Fx\\\"",
					"JucePlugin_AUMainType='aufx'",
					"JucePlugin_AUSubType=JucePlugin_PluginCode",
					"JucePlugin_AUExportPrefix=ClarityPlugin3AU",
					"JucePlugin_AUExportPrefixQuoted=\\\"ClarityPlugin3AU\\\"",
					"JucePlugin_AUManufacturerCode=JucePlugin_ManufacturerCode",
					"JucePlugin_CFBundleIdentifier=com.yourcompany.ClarityPlugin3",
					"JucePlugin_RTASCategory=0",
					"JucePlugin_RTASManufacturerCode=JucePlugin_ManufacturerCode",
					"JucePlugin_RTASProductId=JucePlugin_PluginCode",
					"JucePlugin_RTASDisableBypass=0",
					"JucePlugin_RTASDisableMultiMono=0",
					"JucePlugin_AAXIdentifier=com.yourcompany.ClarityPlugin3",
					"JucePlugin_AAXManufacturerCode=JucePlugin_ManufacturerCode",
					"JucePlugin_AAXProductId=JucePlugin_PluginCode",
					"JucePlugin_AAXCategory=0",
					"JucePlugin_AAXDisableBypass=0",
					"JucePlugin_AAXDisableMultiMono=0",
					"JucePlugin_IAAType=0x61757278",
					"JucePlugin_IAASubType=JucePlugin_PluginCode",
					"JucePlugin_IAAName=\\\"yourcompany:\\ ClarityPlugin3\\\"",
					"JucePlugin_VSTNumMidiInputs=16",
					"JucePlugin_VSTNumMidiOutputs=16",
					"JUCE_STANDALONE_APPLICATION=JucePlugin_Build_Standalone",
					"JUCER_XCODE_MAC_F6D2F4CF=1",
					"JUCE_APP_VERSION=1.0.0",
					"JUCE_APP_VERSION_HEX=0x10000",
				);
				GCC_VERSION = com.apple.compilers.llvm.clang.1_0;
				HEADER_SEARCH_PATHS = (
					"$(SRCROOT)/~/JUCE/modules/juce_audio_processors/format_types/VST3_SDK",
					"$(SRCROOT)/../../JuceLibraryCode",
					"$(SRCROOT)/../../JuceLibraryCode/modules",
					"$(SRCROOT)/~/JUCE/modules",
					"$(SRCROOT)/~/JUCE/modules/juce_audio_plugin_client",
					"$(inherited)",
				);
				INFOPLIST_FILE = Info-Standalone_Plugin.plist;
				INFOPLIST_PREPROCESS = NO;
				LLVM_LTO = YES;
				MACOSX_DEPLOYMENT_TARGET = 10.11;
				MTL_HEADER_SEARCH_PATHS = "$(SRCROOT)/~/JUCE/modules/juce_audio_processors/format_types/VST3_SDK $(SRCROOT)/../../JuceLibraryCode $(SRCROOT)/../../JuceLibraryCode/modules $(SRCROOT)/~/JUCE/modules $(SRCROOT)/~/JUCE/modules/juce_audio_plugin_client";
				OTHER_LDFLAGS = "-lClarityPlugin3";
				PRODUCT_BUNDLE_IDENTIFIER = com.yourcompany.ClarityPlugin3;
				PRODUCT_NAME = "ClarityPlugin3";
				USE_HEADERMAP = NO;
				VALID_ARCHS = "i386 x86_64 arm64 arm64e";
			};
			name = Release;
		};
		2C2A6DFAC0E0C563D854476A /* Release */ = {
			isa = XCBuildConfiguration;
			buildSettings = {
				ALWAYS_SEARCH_USER_PATHS = NO;
				CLANG_ENABLE_OBJC_WEAK = YES;
				CLANG_WARN_BLOCK_CAPTURE_AUTORELEASING = YES;
				CLANG_WARN_BOOL_CONVERSION = YES;
				CLANG_WARN_COMMA = YES;
				CLANG_WARN_CONSTANT_CONVERSION = YES;
				CLANG_WARN_DEPRECATED_OBJC_IMPLEMENTATIONS = YES;
				CLANG_WARN_EMPTY_BODY = YES;
				CLANG_WARN_ENUM_CONVERSION = YES;
				CLANG_WARN_INFINITE_RECURSION = YES;
				CLANG_WARN_INT_CONVERSION = YES;
				CLANG_WARN_NON_LITERAL_NULL_CONVERSION = YES;
				CLANG_WARN_OBJC_IMPLICIT_RETAIN_SELF = YES;
				CLANG_WARN_OBJC_LITERAL_CONVERSION = YES;
				CLANG_WARN_RANGE_LOOP_ANALYSIS = YES;
				CLANG_WARN_STRICT_PROTOTYPES = YES;
				CLANG_WARN_SUSPICIOUS_MOVE = YES;
				CLANG_WARN_UNREACHABLE_CODE = YES;
				CLANG_WARN__DUPLICATE_METHOD_MATCH = YES;
				CODE_SIGN_IDENTITY = "";
				DEBUG_INFORMATION_FORMAT = dwarf;
				ENABLE_STRICT_OBJC_MSGSEND = YES;
				ENABLE_TESTABILITY = NO;
				GCC_C_LANGUAGE_STANDARD = c11;
				GCC_INLINES_ARE_PRIVATE_EXTERN = YES;
				GCC_MODEL_TUNING = G5;
				GCC_NO_COMMON_BLOCKS = YES;
				GCC_SYMBOLS_PRIVATE_EXTERN = YES;
				GCC_WARN_64_TO_32_BIT_CONVERSION = YES;
				GCC_WARN_ABOUT_RETURN_TYPE = YES;
				GCC_WARN_CHECK_SWITCH_STATEMENTS = YES;
				GCC_WARN_MISSING_PARENTHESES = YES;
				GCC_WARN_NON_VIRTUAL_DESTRUCTOR = YES;
				GCC_WARN_TYPECHECK_CALLS_TO_PRINTF = YES;
				GCC_WARN_UNDECLARED_SELECTOR = YES;
				GCC_WARN_UNINITIALIZED_AUTOS = YES;
				GCC_WARN_UNUSED_FUNCTION = YES;
				GCC_WARN_UNUSED_VARIABLE = YES;
				PRODUCT_NAME = "ClarityPlugin3";
				SDKROOT = macosx;
				WARNING_CFLAGS = "-Wreorder";
				ZERO_LINK = NO;
			};
			name = Release;
		};
		375057C8F8717EB5D6CA795E /* Debug */ = {
			isa = XCBuildConfiguration;
			buildSettings = {
				MACOSX_DEPLOYMENT_TARGET = 10.11;
				SDKROOT = macosx;
			};
			name = Debug;
		};
		39BCC508908F211F645BECB0 /* Debug */ = {
			isa = XCBuildConfiguration;
			buildSettings = {
				CLANG_CXX_LANGUAGE_STANDARD = "c++14";
				CLANG_CXX_LIBRARY = "libc++";
				CLANG_LINK_OBJC_RUNTIME = NO;
				CODE_SIGN_IDENTITY = "";
				COMBINE_HIDPI_IMAGES = YES;
				CONFIGURATION_BUILD_DIR = "$(PROJECT_DIR)/build/$(CONFIGURATION)";
				COPY_PHASE_STRIP = NO;
				DEPLOYMENT_LOCATION = YES;
				DSTROOT = /;
				GCC_DYNAMIC_NO_PIC = NO;
				GCC_OPTIMIZATION_LEVEL = 0;
				GCC_PREPROCESSOR_DEFINITIONS = (
					"_DEBUG=1",
					"DEBUG=1",
					"JUCE_DISPLAY_SPLASH_SCREEN=1",
					"JUCE_USE_DARK_SPLASH_SCREEN=1",
					"JUCE_PROJUCER_VERSION=0x60008",
					"JUCE_MODULE_AVAILABLE_dRowAudio=1",
					"JUCE_MODULE_AVAILABLE_juce_audio_basics=1",
					"JUCE_MODULE_AVAILABLE_juce_audio_devices=1",
					"JUCE_MODULE_AVAILABLE_juce_audio_formats=1",
					"JUCE_MODULE_AVAILABLE_juce_audio_plugin_client=1",
					"JUCE_MODULE_AVAILABLE_juce_audio_processors=1",
					"JUCE_MODULE_AVAILABLE_juce_audio_utils=1",
					"JUCE_MODULE_AVAILABLE_juce_core=1",
					"JUCE_MODULE_AVAILABLE_juce_cryptography=1",
					"JUCE_MODULE_AVAILABLE_juce_data_structures=1",
					"JUCE_MODULE_AVAILABLE_juce_dsp=1",
					"JUCE_MODULE_AVAILABLE_juce_events=1",
					"JUCE_MODULE_AVAILABLE_juce_graphics=1",
					"JUCE_MODULE_AVAILABLE_juce_gui_basics=1",
					"JUCE_MODULE_AVAILABLE_juce_gui_extra=1",
					"JUCE_GLOBAL_MODULE_SETTINGS_INCLUDED=1",
					"DROWAUDIO_USE_FFTREAL=1",
					"DROWAUDIO_USE_CURL=1",
					"JUCE_VST3_CAN_REPLACE_VST2=0",
					"JUCE_STRICT_REFCOUNTEDPOINTER=1",
					"JucePlugin_Build_VST=0",
					"JucePlugin_Build_VST3=1",
					"JucePlugin_Build_AU=0",
					"JucePlugin_Build_AUv3=0",
					"JucePlugin_Build_RTAS=0",
					"JucePlugin_Build_AAX=0",
					"JucePlugin_Build_Standalone=0",
					"JucePlugin_Build_Unity=0",
					"JucePlugin_Enable_IAA=0",
					"JucePlugin_Name=\\\"ClarityPlugin3\\\"",
					"JucePlugin_Desc=\\\"ClarityPlugin3\\\"",
					"JucePlugin_Manufacturer=\\\"yourcompany\\\"",
					"JucePlugin_ManufacturerWebsite=\\\"\\\"",
					"JucePlugin_ManufacturerEmail=\\\"\\\"",
					"JucePlugin_ManufacturerCode=0x4d616e75",
					"JucePlugin_PluginCode=0x53367a70",
					"JucePlugin_IsSynth=0",
					"JucePlugin_WantsMidiInput=0",
					"JucePlugin_ProducesMidiOutput=0",
					"JucePlugin_IsMidiEffect=0",
					"JucePlugin_EditorRequiresKeyboardFocus=0",
					"JucePlugin_Version=1.0.0",
					"JucePlugin_VersionCode=0x10000",
					"JucePlugin_VersionString=\\\"1.0.0\\\"",
					"JucePlugin_VSTUniqueID=JucePlugin_PluginCode",
					"JucePlugin_VSTCategory=kPlugCategEffect",
					"JucePlugin_Vst3Category=\\\"Fx\\\"",
					"JucePlugin_AUMainType='aufx'",
					"JucePlugin_AUSubType=JucePlugin_PluginCode",
					"JucePlugin_AUExportPrefix=ClarityPlugin3AU",
					"JucePlugin_AUExportPrefixQuoted=\\\"ClarityPlugin3AU\\\"",
					"JucePlugin_AUManufacturerCode=JucePlugin_ManufacturerCode",
					"JucePlugin_CFBundleIdentifier=com.yourcompany.ClarityPlugin3",
					"JucePlugin_RTASCategory=0",
					"JucePlugin_RTASManufacturerCode=JucePlugin_ManufacturerCode",
					"JucePlugin_RTASProductId=JucePlugin_PluginCode",
					"JucePlugin_RTASDisableBypass=0",
					"JucePlugin_RTASDisableMultiMono=0",
					"JucePlugin_AAXIdentifier=com.yourcompany.ClarityPlugin3",
					"JucePlugin_AAXManufacturerCode=JucePlugin_ManufacturerCode",
					"JucePlugin_AAXProductId=JucePlugin_PluginCode",
					"JucePlugin_AAXCategory=0",
					"JucePlugin_AAXDisableBypass=0",
					"JucePlugin_AAXDisableMultiMono=0",
					"JucePlugin_IAAType=0x61757278",
					"JucePlugin_IAASubType=JucePlugin_PluginCode",
					"JucePlugin_IAAName=\\\"yourcompany:\\ ClarityPlugin3\\\"",
					"JucePlugin_VSTNumMidiInputs=16",
					"JucePlugin_VSTNumMidiOutputs=16",
					"JUCE_STANDALONE_APPLICATION=JucePlugin_Build_Standalone",
					"JUCER_XCODE_MAC_F6D2F4CF=1",
					"JUCE_APP_VERSION=1.0.0",
					"JUCE_APP_VERSION_HEX=0x10000",
				);
				GCC_VERSION = com.apple.compilers.llvm.clang.1_0;
				GENERATE_PKGINFO_FILE = YES;
				HEADER_SEARCH_PATHS = (
					"$(SRCROOT)/~/JUCE/modules/juce_audio_processors/format_types/VST3_SDK",
					"$(SRCROOT)/../../JuceLibraryCode",
					"$(SRCROOT)/../../JuceLibraryCode/modules",
					"$(SRCROOT)/~/JUCE/modules",
					"$(SRCROOT)/~/JUCE/modules/juce_audio_plugin_client",
					"$(inherited)",
				);
				INFOPLIST_FILE = Info-VST3.plist;
				INFOPLIST_PREPROCESS = NO;
				INSTALL_PATH = "$(HOME)/Library/Audio/Plug-Ins/VST3/";
				LIBRARY_STYLE = Bundle;
				MACOSX_DEPLOYMENT_TARGET = 10.11;
				MTL_HEADER_SEARCH_PATHS = "$(SRCROOT)/~/JUCE/modules/juce_audio_processors/format_types/VST3_SDK $(SRCROOT)/../../JuceLibraryCode $(SRCROOT)/../../JuceLibraryCode/modules $(SRCROOT)/~/JUCE/modules $(SRCROOT)/~/JUCE/modules/juce_audio_plugin_client";
				OTHER_LDFLAGS = "-bundle -lClarityPlugin3";
				PRODUCT_BUNDLE_IDENTIFIER = com.yourcompany.ClarityPlugin3;
				PRODUCT_NAME = "ClarityPlugin3";
				USE_HEADERMAP = NO;
				VALID_ARCHS = "i386 x86_64 arm64 arm64e";
				WRAPPER_EXTENSION = vst3;
			};
			name = Debug;
		};
		5AB5993BB52B51D25D8E4E24 /* Release */ = {
			isa = XCBuildConfiguration;
			buildSettings = {
				CLANG_CXX_LANGUAGE_STANDARD = "c++14";
				CLANG_CXX_LIBRARY = "libc++";
				CLANG_LINK_OBJC_RUNTIME = NO;
				CODE_SIGN_IDENTITY = "";
				COMBINE_HIDPI_IMAGES = YES;
				CONFIGURATION_BUILD_DIR = "$(PROJECT_DIR)/build/$(CONFIGURATION)";
				DEAD_CODE_STRIPPING = YES;
				DEPLOYMENT_LOCATION = YES;
				DSTROOT = /;
				GCC_GENERATE_DEBUGGING_SYMBOLS = NO;
				GCC_OPTIMIZATION_LEVEL = 3;
				GCC_PREPROCESSOR_DEFINITIONS = (
					"_NDEBUG=1",
					"NDEBUG=1",
					"JUCE_DISPLAY_SPLASH_SCREEN=1",
					"JUCE_USE_DARK_SPLASH_SCREEN=1",
					"JUCE_PROJUCER_VERSION=0x60008",
					"JUCE_MODULE_AVAILABLE_dRowAudio=1",
					"JUCE_MODULE_AVAILABLE_juce_audio_basics=1",
					"JUCE_MODULE_AVAILABLE_juce_audio_devices=1",
					"JUCE_MODULE_AVAILABLE_juce_audio_formats=1",
					"JUCE_MODULE_AVAILABLE_juce_audio_plugin_client=1",
					"JUCE_MODULE_AVAILABLE_juce_audio_processors=1",
					"JUCE_MODULE_AVAILABLE_juce_audio_utils=1",
					"JUCE_MODULE_AVAILABLE_juce_core=1",
					"JUCE_MODULE_AVAILABLE_juce_cryptography=1",
					"JUCE_MODULE_AVAILABLE_juce_data_structures=1",
					"JUCE_MODULE_AVAILABLE_juce_dsp=1",
					"JUCE_MODULE_AVAILABLE_juce_events=1",
					"JUCE_MODULE_AVAILABLE_juce_graphics=1",
					"JUCE_MODULE_AVAILABLE_juce_gui_basics=1",
					"JUCE_MODULE_AVAILABLE_juce_gui_extra=1",
					"JUCE_GLOBAL_MODULE_SETTINGS_INCLUDED=1",
					"DROWAUDIO_USE_FFTREAL=1",
					"DROWAUDIO_USE_CURL=1",
					"JUCE_VST3_CAN_REPLACE_VST2=0",
					"JUCE_STRICT_REFCOUNTEDPOINTER=1",
					"JucePlugin_Build_VST=0",
					"JucePlugin_Build_VST3=0",
					"JucePlugin_Build_AU=1",
					"JucePlugin_Build_AUv3=0",
					"JucePlugin_Build_RTAS=0",
					"JucePlugin_Build_AAX=0",
					"JucePlugin_Build_Standalone=0",
					"JucePlugin_Build_Unity=0",
					"JucePlugin_Enable_IAA=0",
					"JucePlugin_Name=\\\"ClarityPlugin3\\\"",
					"JucePlugin_Desc=\\\"ClarityPlugin3\\\"",
					"JucePlugin_Manufacturer=\\\"yourcompany\\\"",
					"JucePlugin_ManufacturerWebsite=\\\"\\\"",
					"JucePlugin_ManufacturerEmail=\\\"\\\"",
					"JucePlugin_ManufacturerCode=0x4d616e75",
					"JucePlugin_PluginCode=0x53367a70",
					"JucePlugin_IsSynth=0",
					"JucePlugin_WantsMidiInput=0",
					"JucePlugin_ProducesMidiOutput=0",
					"JucePlugin_IsMidiEffect=0",
					"JucePlugin_EditorRequiresKeyboardFocus=0",
					"JucePlugin_Version=1.0.0",
					"JucePlugin_VersionCode=0x10000",
					"JucePlugin_VersionString=\\\"1.0.0\\\"",
					"JucePlugin_VSTUniqueID=JucePlugin_PluginCode",
					"JucePlugin_VSTCategory=kPlugCategEffect",
					"JucePlugin_Vst3Category=\\\"Fx\\\"",
					"JucePlugin_AUMainType='aufx'",
					"JucePlugin_AUSubType=JucePlugin_PluginCode",
					"JucePlugin_AUExportPrefix=ClarityPlugin3AU",
					"JucePlugin_AUExportPrefixQuoted=\\\"ClarityPlugin3AU\\\"",
					"JucePlugin_AUManufacturerCode=JucePlugin_ManufacturerCode",
					"JucePlugin_CFBundleIdentifier=com.yourcompany.ClarityPlugin3",
					"JucePlugin_RTASCategory=0",
					"JucePlugin_RTASManufacturerCode=JucePlugin_ManufacturerCode",
					"JucePlugin_RTASProductId=JucePlugin_PluginCode",
					"JucePlugin_RTASDisableBypass=0",
					"JucePlugin_RTASDisableMultiMono=0",
					"JucePlugin_AAXIdentifier=com.yourcompany.ClarityPlugin3",
					"JucePlugin_AAXManufacturerCode=JucePlugin_ManufacturerCode",
					"JucePlugin_AAXProductId=JucePlugin_PluginCode",
					"JucePlugin_AAXCategory=0",
					"JucePlugin_AAXDisableBypass=0",
					"JucePlugin_AAXDisableMultiMono=0",
					"JucePlugin_IAAType=0x61757278",
					"JucePlugin_IAASubType=JucePlugin_PluginCode",
					"JucePlugin_IAAName=\\\"yourcompany:\\ ClarityPlugin3\\\"",
					"JucePlugin_VSTNumMidiInputs=16",
					"JucePlugin_VSTNumMidiOutputs=16",
					"JUCE_STANDALONE_APPLICATION=JucePlugin_Build_Standalone",
					"JUCER_XCODE_MAC_F6D2F4CF=1",
					"JUCE_APP_VERSION=1.0.0",
					"JUCE_APP_VERSION_HEX=0x10000",
				);
				GCC_VERSION = com.apple.compilers.llvm.clang.1_0;
				GENERATE_PKGINFO_FILE = YES;
				HEADER_SEARCH_PATHS = (
					"$(SRCROOT)/~/JUCE/modules/juce_audio_processors/format_types/VST3_SDK",
					"$(SRCROOT)/../../JuceLibraryCode",
					"$(SRCROOT)/../../JuceLibraryCode/modules",
					"$(SRCROOT)/~/JUCE/modules",
					"$(SRCROOT)/~/JUCE/modules/juce_audio_plugin_client",
					"$(inherited)",
				);
				INFOPLIST_FILE = Info-AU.plist;
				INFOPLIST_PREPROCESS = NO;
				INSTALL_PATH = "$(HOME)/Library/Audio/Plug-Ins/Components/";
				LIBRARY_STYLE = Bundle;
				LLVM_LTO = YES;
				MACOSX_DEPLOYMENT_TARGET = 10.11;
				MTL_HEADER_SEARCH_PATHS = "$(SRCROOT)/~/JUCE/modules/juce_audio_processors/format_types/VST3_SDK $(SRCROOT)/../../JuceLibraryCode $(SRCROOT)/../../JuceLibraryCode/modules $(SRCROOT)/~/JUCE/modules $(SRCROOT)/~/JUCE/modules/juce_audio_plugin_client";
				OTHER_LDFLAGS = "-bundle -lClarityPlugin3";
				OTHER_REZFLAGS = "-d ppc_$ppc -d i386_$i386 -d ppc64_$ppc64 -d x86_64_$x86_64 -I /System/Library/Frameworks/CoreServices.framework/Frameworks/CarbonCore.framework/Versions/A/Headers -I \"$(DEVELOPER_DIR)/Extras/CoreAudio/AudioUnits/AUPublic/AUBase\" -I \"$(DEVELOPER_DIR)/Platforms/MacOSX.platform/Developer/SDKs/MacOSX.sdk/System/Library/Frameworks/AudioUnit.framework/Headers\"";
				PRODUCT_BUNDLE_IDENTIFIER = com.yourcompany.ClarityPlugin3;
				PRODUCT_NAME = "ClarityPlugin3";
				USE_HEADERMAP = NO;
				VALID_ARCHS = "i386 x86_64 arm64 arm64e";
				WRAPPER_EXTENSION = component;
			};
			name = Release;
		};
		61B9B7CAED356490B91F82BE /* Debug */ = {
			isa = XCBuildConfiguration;
			buildSettings = {
				CLANG_CXX_LANGUAGE_STANDARD = "c++14";
				CLANG_CXX_LIBRARY = "libc++";
				CLANG_LINK_OBJC_RUNTIME = NO;
				CODE_SIGN_IDENTITY = "";
				COMBINE_HIDPI_IMAGES = YES;
				CONFIGURATION_BUILD_DIR = "$(PROJECT_DIR)/build/$(CONFIGURATION)";
				COPY_PHASE_STRIP = NO;
				GCC_DYNAMIC_NO_PIC = NO;
				GCC_OPTIMIZATION_LEVEL = 0;
				GCC_PREPROCESSOR_DEFINITIONS = (
					"_DEBUG=1",
					"DEBUG=1",
					"JUCE_DISPLAY_SPLASH_SCREEN=1",
					"JUCE_USE_DARK_SPLASH_SCREEN=1",
					"JUCE_PROJUCER_VERSION=0x60008",
					"JUCE_MODULE_AVAILABLE_dRowAudio=1",
					"JUCE_MODULE_AVAILABLE_juce_audio_basics=1",
					"JUCE_MODULE_AVAILABLE_juce_audio_devices=1",
					"JUCE_MODULE_AVAILABLE_juce_audio_formats=1",
					"JUCE_MODULE_AVAILABLE_juce_audio_plugin_client=1",
					"JUCE_MODULE_AVAILABLE_juce_audio_processors=1",
					"JUCE_MODULE_AVAILABLE_juce_audio_utils=1",
					"JUCE_MODULE_AVAILABLE_juce_core=1",
					"JUCE_MODULE_AVAILABLE_juce_cryptography=1",
					"JUCE_MODULE_AVAILABLE_juce_data_structures=1",
					"JUCE_MODULE_AVAILABLE_juce_dsp=1",
					"JUCE_MODULE_AVAILABLE_juce_events=1",
					"JUCE_MODULE_AVAILABLE_juce_graphics=1",
					"JUCE_MODULE_AVAILABLE_juce_gui_basics=1",
					"JUCE_MODULE_AVAILABLE_juce_gui_extra=1",
					"JUCE_GLOBAL_MODULE_SETTINGS_INCLUDED=1",
					"DROWAUDIO_USE_FFTREAL=1",
					"DROWAUDIO_USE_CURL=1",
					"JUCE_VST3_CAN_REPLACE_VST2=0",
					"JUCE_STRICT_REFCOUNTEDPOINTER=1",
					"JucePlugin_Build_VST=0",
					"JucePlugin_Build_VST3=0",
					"JucePlugin_Build_AU=0",
					"JucePlugin_Build_AUv3=0",
					"JucePlugin_Build_RTAS=0",
					"JucePlugin_Build_AAX=0",
					"JucePlugin_Build_Standalone=1",
					"JucePlugin_Build_Unity=0",
					"JucePlugin_Enable_IAA=0",
					"JucePlugin_Name=\\\"ClarityPlugin3\\\"",
					"JucePlugin_Desc=\\\"ClarityPlugin3\\\"",
					"JucePlugin_Manufacturer=\\\"yourcompany\\\"",
					"JucePlugin_ManufacturerWebsite=\\\"\\\"",
					"JucePlugin_ManufacturerEmail=\\\"\\\"",
					"JucePlugin_ManufacturerCode=0x4d616e75",
					"JucePlugin_PluginCode=0x53367a70",
					"JucePlugin_IsSynth=0",
					"JucePlugin_WantsMidiInput=0",
					"JucePlugin_ProducesMidiOutput=0",
					"JucePlugin_IsMidiEffect=0",
					"JucePlugin_EditorRequiresKeyboardFocus=0",
					"JucePlugin_Version=1.0.0",
					"JucePlugin_VersionCode=0x10000",
					"JucePlugin_VersionString=\\\"1.0.0\\\"",
					"JucePlugin_VSTUniqueID=JucePlugin_PluginCode",
					"JucePlugin_VSTCategory=kPlugCategEffect",
					"JucePlugin_Vst3Category=\\\"Fx\\\"",
					"JucePlugin_AUMainType='aufx'",
					"JucePlugin_AUSubType=JucePlugin_PluginCode",
					"JucePlugin_AUExportPrefix=ClarityPlugin3AU",
					"JucePlugin_AUExportPrefixQuoted=\\\"ClarityPlugin3AU\\\"",
					"JucePlugin_AUManufacturerCode=JucePlugin_ManufacturerCode",
					"JucePlugin_CFBundleIdentifier=com.yourcompany.ClarityPlugin3",
					"JucePlugin_RTASCategory=0",
					"JucePlugin_RTASManufacturerCode=JucePlugin_ManufacturerCode",
					"JucePlugin_RTASProductId=JucePlugin_PluginCode",
					"JucePlugin_RTASDisableBypass=0",
					"JucePlugin_RTASDisableMultiMono=0",
					"JucePlugin_AAXIdentifier=com.yourcompany.ClarityPlugin3",
					"JucePlugin_AAXManufacturerCode=JucePlugin_ManufacturerCode",
					"JucePlugin_AAXProductId=JucePlugin_PluginCode",
					"JucePlugin_AAXCategory=0",
					"JucePlugin_AAXDisableBypass=0",
					"JucePlugin_AAXDisableMultiMono=0",
					"JucePlugin_IAAType=0x61757278",
					"JucePlugin_IAASubType=JucePlugin_PluginCode",
					"JucePlugin_IAAName=\\\"yourcompany:\\ ClarityPlugin3\\\"",
					"JucePlugin_VSTNumMidiInputs=16",
					"JucePlugin_VSTNumMidiOutputs=16",
					"JUCE_STANDALONE_APPLICATION=JucePlugin_Build_Standalone",
					"JUCER_XCODE_MAC_F6D2F4CF=1",
					"JUCE_APP_VERSION=1.0.0",
					"JUCE_APP_VERSION_HEX=0x10000",
				);
				GCC_VERSION = com.apple.compilers.llvm.clang.1_0;
				HEADER_SEARCH_PATHS = (
					"$(SRCROOT)/~/JUCE/modules/juce_audio_processors/format_types/VST3_SDK",
					"$(SRCROOT)/../../JuceLibraryCode",
					"$(SRCROOT)/../../JuceLibraryCode/modules",
					"$(SRCROOT)/~/JUCE/modules",
					"$(SRCROOT)/~/JUCE/modules/juce_audio_plugin_client",
					"$(inherited)",
				);
				INFOPLIST_FILE = Info-Standalone_Plugin.plist;
				INFOPLIST_PREPROCESS = NO;
				MACOSX_DEPLOYMENT_TARGET = 10.11;
				MTL_HEADER_SEARCH_PATHS = "$(SRCROOT)/~/JUCE/modules/juce_audio_processors/format_types/VST3_SDK $(SRCROOT)/../../JuceLibraryCode $(SRCROOT)/../../JuceLibraryCode/modules $(SRCROOT)/~/JUCE/modules $(SRCROOT)/~/JUCE/modules/juce_audio_plugin_client";
				OTHER_LDFLAGS = "-lClarityPlugin3";
				PRODUCT_BUNDLE_IDENTIFIER = com.yourcompany.ClarityPlugin3;
				PRODUCT_NAME = "ClarityPlugin3";
				USE_HEADERMAP = NO;
				VALID_ARCHS = "i386 x86_64 arm64 arm64e";
			};
			name = Debug;
		};
		7F808DB2C9795A791E0B3EAB /* Release */ = {
			isa = XCBuildConfiguration;
			buildSettings = {
				CLANG_CXX_LANGUAGE_STANDARD = "c++14";
				CLANG_CXX_LIBRARY = "libc++";
				CLANG_LINK_OBJC_RUNTIME = NO;
				CODE_SIGN_IDENTITY = "";
				COMBINE_HIDPI_IMAGES = YES;
				CONFIGURATION_BUILD_DIR = "$(PROJECT_DIR)/build/$(CONFIGURATION)";
				DEAD_CODE_STRIPPING = YES;
				GCC_GENERATE_DEBUGGING_SYMBOLS = NO;
				GCC_OPTIMIZATION_LEVEL = 3;
				GCC_PREPROCESSOR_DEFINITIONS = (
					"_NDEBUG=1",
					"NDEBUG=1",
					"JUCE_DISPLAY_SPLASH_SCREEN=1",
					"JUCE_USE_DARK_SPLASH_SCREEN=1",
					"JUCE_PROJUCER_VERSION=0x60008",
					"JUCE_MODULE_AVAILABLE_dRowAudio=1",
					"JUCE_MODULE_AVAILABLE_juce_audio_basics=1",
					"JUCE_MODULE_AVAILABLE_juce_audio_devices=1",
					"JUCE_MODULE_AVAILABLE_juce_audio_formats=1",
					"JUCE_MODULE_AVAILABLE_juce_audio_plugin_client=1",
					"JUCE_MODULE_AVAILABLE_juce_audio_processors=1",
					"JUCE_MODULE_AVAILABLE_juce_audio_utils=1",
					"JUCE_MODULE_AVAILABLE_juce_core=1",
					"JUCE_MODULE_AVAILABLE_juce_cryptography=1",
					"JUCE_MODULE_AVAILABLE_juce_data_structures=1",
					"JUCE_MODULE_AVAILABLE_juce_dsp=1",
					"JUCE_MODULE_AVAILABLE_juce_events=1",
					"JUCE_MODULE_AVAILABLE_juce_graphics=1",
					"JUCE_MODULE_AVAILABLE_juce_gui_basics=1",
					"JUCE_MODULE_AVAILABLE_juce_gui_extra=1",
					"JUCE_GLOBAL_MODULE_SETTINGS_INCLUDED=1",
					"DROWAUDIO_USE_FFTREAL=1",
					"DROWAUDIO_USE_CURL=1",
					"JUCE_VST3_CAN_REPLACE_VST2=0",
					"JUCE_STRICT_REFCOUNTEDPOINTER=1",
					"JucePlugin_Build_VST=0",
					"JucePlugin_Build_VST3=1",
					"JucePlugin_Build_AU=1",
					"JucePlugin_Build_AUv3=0",
					"JucePlugin_Build_RTAS=0",
					"JucePlugin_Build_AAX=0",
					"JucePlugin_Build_Standalone=1",
					"JucePlugin_Build_Unity=0",
					"JucePlugin_Enable_IAA=0",
					"JucePlugin_Name=\\\"ClarityPlugin3\\\"",
					"JucePlugin_Desc=\\\"ClarityPlugin3\\\"",
					"JucePlugin_Manufacturer=\\\"yourcompany\\\"",
					"JucePlugin_ManufacturerWebsite=\\\"\\\"",
					"JucePlugin_ManufacturerEmail=\\\"\\\"",
					"JucePlugin_ManufacturerCode=0x4d616e75",
					"JucePlugin_PluginCode=0x53367a70",
					"JucePlugin_IsSynth=0",
					"JucePlugin_WantsMidiInput=0",
					"JucePlugin_ProducesMidiOutput=0",
					"JucePlugin_IsMidiEffect=0",
					"JucePlugin_EditorRequiresKeyboardFocus=0",
					"JucePlugin_Version=1.0.0",
					"JucePlugin_VersionCode=0x10000",
					"JucePlugin_VersionString=\\\"1.0.0\\\"",
					"JucePlugin_VSTUniqueID=JucePlugin_PluginCode",
					"JucePlugin_VSTCategory=kPlugCategEffect",
					"JucePlugin_Vst3Category=\\\"Fx\\\"",
					"JucePlugin_AUMainType='aufx'",
					"JucePlugin_AUSubType=JucePlugin_PluginCode",
					"JucePlugin_AUExportPrefix=ClarityPlugin3AU",
					"JucePlugin_AUExportPrefixQuoted=\\\"ClarityPlugin3AU\\\"",
					"JucePlugin_AUManufacturerCode=JucePlugin_ManufacturerCode",
					"JucePlugin_CFBundleIdentifier=com.yourcompany.ClarityPlugin3",
					"JucePlugin_RTASCategory=0",
					"JucePlugin_RTASManufacturerCode=JucePlugin_ManufacturerCode",
					"JucePlugin_RTASProductId=JucePlugin_PluginCode",
					"JucePlugin_RTASDisableBypass=0",
					"JucePlugin_RTASDisableMultiMono=0",
					"JucePlugin_AAXIdentifier=com.yourcompany.ClarityPlugin3",
					"JucePlugin_AAXManufacturerCode=JucePlugin_ManufacturerCode",
					"JucePlugin_AAXProductId=JucePlugin_PluginCode",
					"JucePlugin_AAXCategory=0",
					"JucePlugin_AAXDisableBypass=0",
					"JucePlugin_AAXDisableMultiMono=0",
					"JucePlugin_IAAType=0x61757278",
					"JucePlugin_IAASubType=JucePlugin_PluginCode",
					"JucePlugin_IAAName=\\\"yourcompany:\\ ClarityPlugin3\\\"",
					"JucePlugin_VSTNumMidiInputs=16",
					"JucePlugin_VSTNumMidiOutputs=16",
					"JUCE_STANDALONE_APPLICATION=JucePlugin_Build_Standalone",
					"JUCER_XCODE_MAC_F6D2F4CF=1",
					"JUCE_APP_VERSION=1.0.0",
					"JUCE_APP_VERSION_HEX=0x10000",
					"JUCE_SHARED_CODE=1",
				);
				GCC_VERSION = com.apple.compilers.llvm.clang.1_0;
				HEADER_SEARCH_PATHS = (
					"$(SRCROOT)/~/JUCE/modules/juce_audio_processors/format_types/VST3_SDK",
					"$(SRCROOT)/../../JuceLibraryCode",
					"$(SRCROOT)/../../JuceLibraryCode/modules",
					"$(SRCROOT)/~/JUCE/modules",
					"$(SRCROOT)/~/JUCE/modules/juce_audio_plugin_client",
					"$(inherited)",
				);
				INSTALL_PATH = "@executable_path/../Frameworks";
				LLVM_LTO = YES;
				MACOSX_DEPLOYMENT_TARGET = 10.11;
				MTL_HEADER_SEARCH_PATHS = "$(SRCROOT)/~/JUCE/modules/juce_audio_processors/format_types/VST3_SDK $(SRCROOT)/../../JuceLibraryCode $(SRCROOT)/../../JuceLibraryCode/modules $(SRCROOT)/~/JUCE/modules $(SRCROOT)/~/JUCE/modules/juce_audio_plugin_client";
				PRODUCT_BUNDLE_IDENTIFIER = com.yourcompany.ClarityPlugin3;
				PRODUCT_NAME = "ClarityPlugin3";
				SKIP_INSTALL = YES;
				USE_HEADERMAP = NO;
				VALID_ARCHS = "i386 x86_64 arm64 arm64e";
			};
			name = Release;
		};
		8BD38F597DB27510A8E810C3 /* Debug */ = {
			isa = XCBuildConfiguration;
			buildSettings = {
				CLANG_CXX_LANGUAGE_STANDARD = "c++14";
				CLANG_CXX_LIBRARY = "libc++";
				CLANG_LINK_OBJC_RUNTIME = NO;
				CODE_SIGN_IDENTITY = "";
				COMBINE_HIDPI_IMAGES = YES;
				CONFIGURATION_BUILD_DIR = "$(PROJECT_DIR)/build/$(CONFIGURATION)";
				COPY_PHASE_STRIP = NO;
				DEPLOYMENT_LOCATION = YES;
				DSTROOT = /;
				GCC_DYNAMIC_NO_PIC = NO;
				GCC_OPTIMIZATION_LEVEL = 0;
				GCC_PREPROCESSOR_DEFINITIONS = (
					"_DEBUG=1",
					"DEBUG=1",
					"JUCE_DISPLAY_SPLASH_SCREEN=1",
					"JUCE_USE_DARK_SPLASH_SCREEN=1",
					"JUCE_PROJUCER_VERSION=0x60008",
					"JUCE_MODULE_AVAILABLE_dRowAudio=1",
					"JUCE_MODULE_AVAILABLE_juce_audio_basics=1",
					"JUCE_MODULE_AVAILABLE_juce_audio_devices=1",
					"JUCE_MODULE_AVAILABLE_juce_audio_formats=1",
					"JUCE_MODULE_AVAILABLE_juce_audio_plugin_client=1",
					"JUCE_MODULE_AVAILABLE_juce_audio_processors=1",
					"JUCE_MODULE_AVAILABLE_juce_audio_utils=1",
					"JUCE_MODULE_AVAILABLE_juce_core=1",
					"JUCE_MODULE_AVAILABLE_juce_cryptography=1",
					"JUCE_MODULE_AVAILABLE_juce_data_structures=1",
					"JUCE_MODULE_AVAILABLE_juce_dsp=1",
					"JUCE_MODULE_AVAILABLE_juce_events=1",
					"JUCE_MODULE_AVAILABLE_juce_graphics=1",
					"JUCE_MODULE_AVAILABLE_juce_gui_basics=1",
					"JUCE_MODULE_AVAILABLE_juce_gui_extra=1",
					"JUCE_GLOBAL_MODULE_SETTINGS_INCLUDED=1",
					"DROWAUDIO_USE_FFTREAL=1",
					"DROWAUDIO_USE_CURL=1",
					"JUCE_VST3_CAN_REPLACE_VST2=0",
					"JUCE_STRICT_REFCOUNTEDPOINTER=1",
					"JucePlugin_Build_VST=0",
					"JucePlugin_Build_VST3=0",
					"JucePlugin_Build_AU=1",
					"JucePlugin_Build_AUv3=0",
					"JucePlugin_Build_RTAS=0",
					"JucePlugin_Build_AAX=0",
					"JucePlugin_Build_Standalone=0",
					"JucePlugin_Build_Unity=0",
					"JucePlugin_Enable_IAA=0",
					"JucePlugin_Name=\\\"ClarityPlugin3\\\"",
					"JucePlugin_Desc=\\\"ClarityPlugin3\\\"",
					"JucePlugin_Manufacturer=\\\"yourcompany\\\"",
					"JucePlugin_ManufacturerWebsite=\\\"\\\"",
					"JucePlugin_ManufacturerEmail=\\\"\\\"",
					"JucePlugin_ManufacturerCode=0x4d616e75",
					"JucePlugin_PluginCode=0x53367a70",
					"JucePlugin_IsSynth=0",
					"JucePlugin_WantsMidiInput=0",
					"JucePlugin_ProducesMidiOutput=0",
					"JucePlugin_IsMidiEffect=0",
					"JucePlugin_EditorRequiresKeyboardFocus=0",
					"JucePlugin_Version=1.0.0",
					"JucePlugin_VersionCode=0x10000",
					"JucePlugin_VersionString=\\\"1.0.0\\\"",
					"JucePlugin_VSTUniqueID=JucePlugin_PluginCode",
					"JucePlugin_VSTCategory=kPlugCategEffect",
					"JucePlugin_Vst3Category=\\\"Fx\\\"",
					"JucePlugin_AUMainType='aufx'",
					"JucePlugin_AUSubType=JucePlugin_PluginCode",
					"JucePlugin_AUExportPrefix=ClarityPlugin3AU",
					"JucePlugin_AUExportPrefixQuoted=\\\"ClarityPlugin3AU\\\"",
					"JucePlugin_AUManufacturerCode=JucePlugin_ManufacturerCode",
					"JucePlugin_CFBundleIdentifier=com.yourcompany.ClarityPlugin3",
					"JucePlugin_RTASCategory=0",
					"JucePlugin_RTASManufacturerCode=JucePlugin_ManufacturerCode",
					"JucePlugin_RTASProductId=JucePlugin_PluginCode",
					"JucePlugin_RTASDisableBypass=0",
					"JucePlugin_RTASDisableMultiMono=0",
					"JucePlugin_AAXIdentifier=com.yourcompany.ClarityPlugin3",
					"JucePlugin_AAXManufacturerCode=JucePlugin_ManufacturerCode",
					"JucePlugin_AAXProductId=JucePlugin_PluginCode",
					"JucePlugin_AAXCategory=0",
					"JucePlugin_AAXDisableBypass=0",
					"JucePlugin_AAXDisableMultiMono=0",
					"JucePlugin_IAAType=0x61757278",
					"JucePlugin_IAASubType=JucePlugin_PluginCode",
					"JucePlugin_IAAName=\\\"yourcompany:\\ ClarityPlugin3\\\"",
					"JucePlugin_VSTNumMidiInputs=16",
					"JucePlugin_VSTNumMidiOutputs=16",
					"JUCE_STANDALONE_APPLICATION=JucePlugin_Build_Standalone",
					"JUCER_XCODE_MAC_F6D2F4CF=1",
					"JUCE_APP_VERSION=1.0.0",
					"JUCE_APP_VERSION_HEX=0x10000",
				);
				GCC_VERSION = com.apple.compilers.llvm.clang.1_0;
				GENERATE_PKGINFO_FILE = YES;
				HEADER_SEARCH_PATHS = (
					"$(SRCROOT)/~/JUCE/modules/juce_audio_processors/format_types/VST3_SDK",
					"$(SRCROOT)/../../JuceLibraryCode",
					"$(SRCROOT)/../../JuceLibraryCode/modules",
					"$(SRCROOT)/~/JUCE/modules",
					"$(SRCROOT)/~/JUCE/modules/juce_audio_plugin_client",
					"$(inherited)",
				);
				INFOPLIST_FILE = Info-AU.plist;
				INFOPLIST_PREPROCESS = NO;
				INSTALL_PATH = "$(HOME)/Library/Audio/Plug-Ins/Components/";
				LIBRARY_STYLE = Bundle;
				MACOSX_DEPLOYMENT_TARGET = 10.11;
				MTL_HEADER_SEARCH_PATHS = "$(SRCROOT)/~/JUCE/modules/juce_audio_processors/format_types/VST3_SDK $(SRCROOT)/../../JuceLibraryCode $(SRCROOT)/../../JuceLibraryCode/modules $(SRCROOT)/~/JUCE/modules $(SRCROOT)/~/JUCE/modules/juce_audio_plugin_client";
				OTHER_LDFLAGS = "-bundle -lClarityPlugin3";
				OTHER_REZFLAGS = "-d ppc_$ppc -d i386_$i386 -d ppc64_$ppc64 -d x86_64_$x86_64 -I /System/Library/Frameworks/CoreServices.framework/Frameworks/CarbonCore.framework/Versions/A/Headers -I \"$(DEVELOPER_DIR)/Extras/CoreAudio/AudioUnits/AUPublic/AUBase\" -I \"$(DEVELOPER_DIR)/Platforms/MacOSX.platform/Developer/SDKs/MacOSX.sdk/System/Library/Frameworks/AudioUnit.framework/Headers\"";
				PRODUCT_BUNDLE_IDENTIFIER = com.yourcompany.ClarityPlugin3;
				PRODUCT_NAME = "ClarityPlugin3";
				USE_HEADERMAP = NO;
				VALID_ARCHS = "i386 x86_64 arm64 arm64e";
				WRAPPER_EXTENSION = component;
			};
			name = Debug;
		};
		AE4E00D2B3FDE595C6917C43 /* Release */ = {
			isa = XCBuildConfiguration;
			buildSettings = {
				CLANG_CXX_LANGUAGE_STANDARD = "c++14";
				CLANG_CXX_LIBRARY = "libc++";
				CLANG_LINK_OBJC_RUNTIME = NO;
				CODE_SIGN_IDENTITY = "";
				COMBINE_HIDPI_IMAGES = YES;
				CONFIGURATION_BUILD_DIR = "$(PROJECT_DIR)/build/$(CONFIGURATION)";
				DEAD_CODE_STRIPPING = YES;
				DEPLOYMENT_LOCATION = YES;
				DSTROOT = /;
				GCC_GENERATE_DEBUGGING_SYMBOLS = NO;
				GCC_OPTIMIZATION_LEVEL = 3;
				GCC_PREPROCESSOR_DEFINITIONS = (
					"_NDEBUG=1",
					"NDEBUG=1",
					"JUCE_DISPLAY_SPLASH_SCREEN=1",
					"JUCE_USE_DARK_SPLASH_SCREEN=1",
					"JUCE_PROJUCER_VERSION=0x60008",
					"JUCE_MODULE_AVAILABLE_dRowAudio=1",
					"JUCE_MODULE_AVAILABLE_juce_audio_basics=1",
					"JUCE_MODULE_AVAILABLE_juce_audio_devices=1",
					"JUCE_MODULE_AVAILABLE_juce_audio_formats=1",
					"JUCE_MODULE_AVAILABLE_juce_audio_plugin_client=1",
					"JUCE_MODULE_AVAILABLE_juce_audio_processors=1",
					"JUCE_MODULE_AVAILABLE_juce_audio_utils=1",
					"JUCE_MODULE_AVAILABLE_juce_core=1",
					"JUCE_MODULE_AVAILABLE_juce_cryptography=1",
					"JUCE_MODULE_AVAILABLE_juce_data_structures=1",
					"JUCE_MODULE_AVAILABLE_juce_dsp=1",
					"JUCE_MODULE_AVAILABLE_juce_events=1",
					"JUCE_MODULE_AVAILABLE_juce_graphics=1",
					"JUCE_MODULE_AVAILABLE_juce_gui_basics=1",
					"JUCE_MODULE_AVAILABLE_juce_gui_extra=1",
					"JUCE_GLOBAL_MODULE_SETTINGS_INCLUDED=1",
					"DROWAUDIO_USE_FFTREAL=1",
					"DROWAUDIO_USE_CURL=1",
					"JUCE_VST3_CAN_REPLACE_VST2=0",
					"JUCE_STRICT_REFCOUNTEDPOINTER=1",
					"JucePlugin_Build_VST=0",
					"JucePlugin_Build_VST3=1",
					"JucePlugin_Build_AU=0",
					"JucePlugin_Build_AUv3=0",
					"JucePlugin_Build_RTAS=0",
					"JucePlugin_Build_AAX=0",
					"JucePlugin_Build_Standalone=0",
					"JucePlugin_Build_Unity=0",
					"JucePlugin_Enable_IAA=0",
					"JucePlugin_Name=\\\"ClarityPlugin3\\\"",
					"JucePlugin_Desc=\\\"ClarityPlugin3\\\"",
					"JucePlugin_Manufacturer=\\\"yourcompany\\\"",
					"JucePlugin_ManufacturerWebsite=\\\"\\\"",
					"JucePlugin_ManufacturerEmail=\\\"\\\"",
					"JucePlugin_ManufacturerCode=0x4d616e75",
					"JucePlugin_PluginCode=0x53367a70",
					"JucePlugin_IsSynth=0",
					"JucePlugin_WantsMidiInput=0",
					"JucePlugin_ProducesMidiOutput=0",
					"JucePlugin_IsMidiEffect=0",
					"JucePlugin_EditorRequiresKeyboardFocus=0",
					"JucePlugin_Version=1.0.0",
					"JucePlugin_VersionCode=0x10000",
					"JucePlugin_VersionString=\\\"1.0.0\\\"",
					"JucePlugin_VSTUniqueID=JucePlugin_PluginCode",
					"JucePlugin_VSTCategory=kPlugCategEffect",
					"JucePlugin_Vst3Category=\\\"Fx\\\"",
					"JucePlugin_AUMainType='aufx'",
					"JucePlugin_AUSubType=JucePlugin_PluginCode",
					"JucePlugin_AUExportPrefix=ClarityPlugin3AU",
					"JucePlugin_AUExportPrefixQuoted=\\\"ClarityPlugin3AU\\\"",
					"JucePlugin_AUManufacturerCode=JucePlugin_ManufacturerCode",
					"JucePlugin_CFBundleIdentifier=com.yourcompany.ClarityPlugin3",
					"JucePlugin_RTASCategory=0",
					"JucePlugin_RTASManufacturerCode=JucePlugin_ManufacturerCode",
					"JucePlugin_RTASProductId=JucePlugin_PluginCode",
					"JucePlugin_RTASDisableBypass=0",
					"JucePlugin_RTASDisableMultiMono=0",
					"JucePlugin_AAXIdentifier=com.yourcompany.ClarityPlugin3",
					"JucePlugin_AAXManufacturerCode=JucePlugin_ManufacturerCode",
					"JucePlugin_AAXProductId=JucePlugin_PluginCode",
					"JucePlugin_AAXCategory=0",
					"JucePlugin_AAXDisableBypass=0",
					"JucePlugin_AAXDisableMultiMono=0",
					"JucePlugin_IAAType=0x61757278",
					"JucePlugin_IAASubType=JucePlugin_PluginCode",
					"JucePlugin_IAAName=\\\"yourcompany:\\ ClarityPlugin3\\\"",
					"JucePlugin_VSTNumMidiInputs=16",
					"JucePlugin_VSTNumMidiOutputs=16",
					"JUCE_STANDALONE_APPLICATION=JucePlugin_Build_Standalone",
					"JUCER_XCODE_MAC_F6D2F4CF=1",
					"JUCE_APP_VERSION=1.0.0",
					"JUCE_APP_VERSION_HEX=0x10000",
				);
				GCC_VERSION = com.apple.compilers.llvm.clang.1_0;
				GENERATE_PKGINFO_FILE = YES;
				HEADER_SEARCH_PATHS = (
					"$(SRCROOT)/~/JUCE/modules/juce_audio_processors/format_types/VST3_SDK",
					"$(SRCROOT)/../../JuceLibraryCode",
					"$(SRCROOT)/../../JuceLibraryCode/modules",
					"$(SRCROOT)/~/JUCE/modules",
					"$(SRCROOT)/~/JUCE/modules/juce_audio_plugin_client",
					"$(inherited)",
				);
				INFOPLIST_FILE = Info-VST3.plist;
				INFOPLIST_PREPROCESS = NO;
				INSTALL_PATH = "$(HOME)/Library/Audio/Plug-Ins/VST3/";
				LIBRARY_STYLE = Bundle;
				LLVM_LTO = YES;
				MACOSX_DEPLOYMENT_TARGET = 10.11;
				MTL_HEADER_SEARCH_PATHS = "$(SRCROOT)/~/JUCE/modules/juce_audio_processors/format_types/VST3_SDK $(SRCROOT)/../../JuceLibraryCode $(SRCROOT)/../../JuceLibraryCode/modules $(SRCROOT)/~/JUCE/modules $(SRCROOT)/~/JUCE/modules/juce_audio_plugin_client";
				OTHER_LDFLAGS = "-bundle -lClarityPlugin3";
				PRODUCT_BUNDLE_IDENTIFIER = com.yourcompany.ClarityPlugin3;
				PRODUCT_NAME = "ClarityPlugin3";
				USE_HEADERMAP = NO;
				VALID_ARCHS = "i386 x86_64 arm64 arm64e";
				WRAPPER_EXTENSION = vst3;
			};
			name = Release;
		};
		E74D690656F8D5BA0DB67710 /* Debug */ = {
			isa = XCBuildConfiguration;
			buildSettings = {
				CLANG_CXX_LANGUAGE_STANDARD = "c++14";
				CLANG_CXX_LIBRARY = "libc++";
				CLANG_LINK_OBJC_RUNTIME = NO;
				CODE_SIGN_IDENTITY = "";
				COMBINE_HIDPI_IMAGES = YES;
				CONFIGURATION_BUILD_DIR = "$(PROJECT_DIR)/build/$(CONFIGURATION)";
				COPY_PHASE_STRIP = NO;
				GCC_DYNAMIC_NO_PIC = NO;
				GCC_OPTIMIZATION_LEVEL = 0;
				GCC_PREPROCESSOR_DEFINITIONS = (
					"_DEBUG=1",
					"DEBUG=1",
					"JUCE_DISPLAY_SPLASH_SCREEN=1",
					"JUCE_USE_DARK_SPLASH_SCREEN=1",
					"JUCE_PROJUCER_VERSION=0x60008",
					"JUCE_MODULE_AVAILABLE_dRowAudio=1",
					"JUCE_MODULE_AVAILABLE_juce_audio_basics=1",
					"JUCE_MODULE_AVAILABLE_juce_audio_devices=1",
					"JUCE_MODULE_AVAILABLE_juce_audio_formats=1",
					"JUCE_MODULE_AVAILABLE_juce_audio_plugin_client=1",
					"JUCE_MODULE_AVAILABLE_juce_audio_processors=1",
					"JUCE_MODULE_AVAILABLE_juce_audio_utils=1",
					"JUCE_MODULE_AVAILABLE_juce_core=1",
					"JUCE_MODULE_AVAILABLE_juce_cryptography=1",
					"JUCE_MODULE_AVAILABLE_juce_data_structures=1",
					"JUCE_MODULE_AVAILABLE_juce_dsp=1",
					"JUCE_MODULE_AVAILABLE_juce_events=1",
					"JUCE_MODULE_AVAILABLE_juce_graphics=1",
					"JUCE_MODULE_AVAILABLE_juce_gui_basics=1",
					"JUCE_MODULE_AVAILABLE_juce_gui_extra=1",
					"JUCE_GLOBAL_MODULE_SETTINGS_INCLUDED=1",
					"DROWAUDIO_USE_FFTREAL=1",
					"DROWAUDIO_USE_CURL=1",
					"JUCE_VST3_CAN_REPLACE_VST2=0",
					"JUCE_STRICT_REFCOUNTEDPOINTER=1",
					"JucePlugin_Build_VST=0",
					"JucePlugin_Build_VST3=1",
					"JucePlugin_Build_AU=1",
					"JucePlugin_Build_AUv3=0",
					"JucePlugin_Build_RTAS=0",
					"JucePlugin_Build_AAX=0",
					"JucePlugin_Build_Standalone=1",
					"JucePlugin_Build_Unity=0",
					"JucePlugin_Enable_IAA=0",
					"JucePlugin_Name=\\\"ClarityPlugin3\\\"",
					"JucePlugin_Desc=\\\"ClarityPlugin3\\\"",
					"JucePlugin_Manufacturer=\\\"yourcompany\\\"",
					"JucePlugin_ManufacturerWebsite=\\\"\\\"",
					"JucePlugin_ManufacturerEmail=\\\"\\\"",
					"JucePlugin_ManufacturerCode=0x4d616e75",
					"JucePlugin_PluginCode=0x53367a70",
					"JucePlugin_IsSynth=0",
					"JucePlugin_WantsMidiInput=0",
					"JucePlugin_ProducesMidiOutput=0",
					"JucePlugin_IsMidiEffect=0",
					"JucePlugin_EditorRequiresKeyboardFocus=0",
					"JucePlugin_Version=1.0.0",
					"JucePlugin_VersionCode=0x10000",
					"JucePlugin_VersionString=\\\"1.0.0\\\"",
					"JucePlugin_VSTUniqueID=JucePlugin_PluginCode",
					"JucePlugin_VSTCategory=kPlugCategEffect",
					"JucePlugin_Vst3Category=\\\"Fx\\\"",
					"JucePlugin_AUMainType='aufx'",
					"JucePlugin_AUSubType=JucePlugin_PluginCode",
					"JucePlugin_AUExportPrefix=ClarityPlugin3AU",
					"JucePlugin_AUExportPrefixQuoted=\\\"ClarityPlugin3AU\\\"",
					"JucePlugin_AUManufacturerCode=JucePlugin_ManufacturerCode",
					"JucePlugin_CFBundleIdentifier=com.yourcompany.ClarityPlugin3",
					"JucePlugin_RTASCategory=0",
					"JucePlugin_RTASManufacturerCode=JucePlugin_ManufacturerCode",
					"JucePlugin_RTASProductId=JucePlugin_PluginCode",
					"JucePlugin_RTASDisableBypass=0",
					"JucePlugin_RTASDisableMultiMono=0",
					"JucePlugin_AAXIdentifier=com.yourcompany.ClarityPlugin3",
					"JucePlugin_AAXManufacturerCode=JucePlugin_ManufacturerCode",
					"JucePlugin_AAXProductId=JucePlugin_PluginCode",
					"JucePlugin_AAXCategory=0",
					"JucePlugin_AAXDisableBypass=0",
					"JucePlugin_AAXDisableMultiMono=0",
					"JucePlugin_IAAType=0x61757278",
					"JucePlugin_IAASubType=JucePlugin_PluginCode",
					"JucePlugin_IAAName=\\\"yourcompany:\\ ClarityPlugin3\\\"",
					"JucePlugin_VSTNumMidiInputs=16",
					"JucePlugin_VSTNumMidiOutputs=16",
					"JUCE_STANDALONE_APPLICATION=JucePlugin_Build_Standalone",
					"JUCER_XCODE_MAC_F6D2F4CF=1",
					"JUCE_APP_VERSION=1.0.0",
					"JUCE_APP_VERSION_HEX=0x10000",
					"JUCE_SHARED_CODE=1",
				);
				GCC_VERSION = com.apple.compilers.llvm.clang.1_0;
				HEADER_SEARCH_PATHS = (
					"$(SRCROOT)/~/JUCE/modules/juce_audio_processors/format_types/VST3_SDK",
					"$(SRCROOT)/../../JuceLibraryCode",
					"$(SRCROOT)/../../JuceLibraryCode/modules",
					"$(SRCROOT)/~/JUCE/modules",
					"$(SRCROOT)/~/JUCE/modules/juce_audio_plugin_client",
					"$(inherited)",
				);
				INSTALL_PATH = "@executable_path/../Frameworks";
				MACOSX_DEPLOYMENT_TARGET = 10.11;
				MTL_HEADER_SEARCH_PATHS = "$(SRCROOT)/~/JUCE/modules/juce_audio_processors/format_types/VST3_SDK $(SRCROOT)/../../JuceLibraryCode $(SRCROOT)/../../JuceLibraryCode/modules $(SRCROOT)/~/JUCE/modules $(SRCROOT)/~/JUCE/modules/juce_audio_plugin_client";
				PRODUCT_BUNDLE_IDENTIFIER = com.yourcompany.ClarityPlugin3;
				PRODUCT_NAME = "ClarityPlugin3";
				SKIP_INSTALL = YES;
				USE_HEADERMAP = NO;
				VALID_ARCHS = "i386 x86_64 arm64 arm64e";
			};
			name = Debug;
		};
		E7F17004EB60F2D2ADFC03C4 /* Debug */ = {
			isa = XCBuildConfiguration;
			buildSettings = {
				ALWAYS_SEARCH_USER_PATHS = NO;
				CLANG_ENABLE_OBJC_WEAK = YES;
				CLANG_WARN_BLOCK_CAPTURE_AUTORELEASING = YES;
				CLANG_WARN_BOOL_CONVERSION = YES;
				CLANG_WARN_COMMA = YES;
				CLANG_WARN_CONSTANT_CONVERSION = YES;
				CLANG_WARN_DEPRECATED_OBJC_IMPLEMENTATIONS = YES;
				CLANG_WARN_EMPTY_BODY = YES;
				CLANG_WARN_ENUM_CONVERSION = YES;
				CLANG_WARN_INFINITE_RECURSION = YES;
				CLANG_WARN_INT_CONVERSION = YES;
				CLANG_WARN_NON_LITERAL_NULL_CONVERSION = YES;
				CLANG_WARN_OBJC_IMPLICIT_RETAIN_SELF = YES;
				CLANG_WARN_OBJC_LITERAL_CONVERSION = YES;
				CLANG_WARN_RANGE_LOOP_ANALYSIS = YES;
				CLANG_WARN_STRICT_PROTOTYPES = YES;
				CLANG_WARN_SUSPICIOUS_MOVE = YES;
				CLANG_WARN_UNREACHABLE_CODE = YES;
				CLANG_WARN__DUPLICATE_METHOD_MATCH = YES;
				CODE_SIGN_IDENTITY = "";
				DEBUG_INFORMATION_FORMAT = dwarf;
				ENABLE_STRICT_OBJC_MSGSEND = YES;
				ENABLE_TESTABILITY = NO;
				GCC_C_LANGUAGE_STANDARD = c11;
				GCC_INLINES_ARE_PRIVATE_EXTERN = YES;
				GCC_MODEL_TUNING = G5;
				GCC_NO_COMMON_BLOCKS = YES;
				GCC_SYMBOLS_PRIVATE_EXTERN = YES;
				GCC_WARN_64_TO_32_BIT_CONVERSION = YES;
				GCC_WARN_ABOUT_RETURN_TYPE = YES;
				GCC_WARN_CHECK_SWITCH_STATEMENTS = YES;
				GCC_WARN_MISSING_PARENTHESES = YES;
				GCC_WARN_NON_VIRTUAL_DESTRUCTOR = YES;
				GCC_WARN_TYPECHECK_CALLS_TO_PRINTF = YES;
				GCC_WARN_UNDECLARED_SELECTOR = YES;
				GCC_WARN_UNINITIALIZED_AUTOS = YES;
				GCC_WARN_UNUSED_FUNCTION = YES;
				GCC_WARN_UNUSED_VARIABLE = YES;
				ONLY_ACTIVE_ARCH = YES;
				PRODUCT_NAME = "ClarityPlugin3";
				SDKROOT = macosx;
				WARNING_CFLAGS = "-Wreorder";
				ZERO_LINK = NO;
			};
			name = Debug;
		};
		FC6DEB83E5C684D6B0E3B61E /* Release */ = {
			isa = XCBuildConfiguration;
			buildSettings = {
				MACOSX_DEPLOYMENT_TARGET = 10.11;
				SDKROOT = macosx;
			};
			name = Release;
		};
/* End XCBuildConfiguration section */

/* Begin XCConfigurationList section */
		A2D57ADA515E5570FB437A8F = {
			isa = XCConfigurationList;
			buildConfigurations = (
				39BCC508908F211F645BECB0,
				AE4E00D2B3FDE595C6917C43,
			);
			defaultConfigurationIsVisible = 0;
			defaultConfigurationName = Debug;
		};
		A79C7D5B76B264EFA9F2317D = {
			isa = XCConfigurationList;
			buildConfigurations = (
				375057C8F8717EB5D6CA795E,
				FC6DEB83E5C684D6B0E3B61E,
			);
			defaultConfigurationIsVisible = 0;
			defaultConfigurationName = Debug;
		};
		AE1AA93FB1EB6667BC9E06AA = {
			isa = XCConfigurationList;
			buildConfigurations = (
				8BD38F597DB27510A8E810C3,
				5AB5993BB52B51D25D8E4E24,
			);
			defaultConfigurationIsVisible = 0;
			defaultConfigurationName = Debug;
		};
		D83300AEEDCCE22EC782C4C0 = {
			isa = XCConfigurationList;
			buildConfigurations = (
				2C2A6DFAC0E0C563D854476A,
				E7F17004EB60F2D2ADFC03C4,
			);
			defaultConfigurationIsVisible = 0;
			defaultConfigurationName = Debug;
		};
		EF43344F2315DD643F858894 = {
			isa = XCConfigurationList;
			buildConfigurations = (
				E74D690656F8D5BA0DB67710,
				7F808DB2C9795A791E0B3EAB,
			);
			defaultConfigurationIsVisible = 0;
			defaultConfigurationName = Debug;
		};
		F63A301F703A765B9401CFA6 = {
			isa = XCConfigurationList;
			buildConfigurations = (
				61B9B7CAED356490B91F82BE,
				2B24CB18FC75E691D6AC6673,
			);
			defaultConfigurationIsVisible = 0;
			defaultConfigurationName = Debug;
		};
/* End XCConfigurationList section */
	};
	rootObject = 2E147651EFB54AFCF05BC96C /* Project object */;
}
